// !$*UTF8*$!
{
	archiveVersion = 1;
	classes = {
	};
	objectVersion = 77;
	objects = {

/* Begin PBXBuildFile section */
		2A02379B2F9C907000AB1E1F /* Defaults in Frameworks */ = {isa = PBXBuildFile; productRef = 2A02379A2F9C907000AB1E1F /* Defaults */; };
		2A02379D2F9C907000AB1E1F /* DefaultsMacros in Frameworks */ = {isa = PBXBuildFile; productRef = 2A02379C2F9C907000AB1E1F /* DefaultsMacros */; };
		2A0237AC2F9D9DE800AB1E1F /* SFSymbolsPicker in Frameworks */ = {isa = PBXBuildFile; productRef = 2A0237AB2F9D9DE800AB1E1F /* SFSymbolsPicker */; };
		2A098C8D2F9DB844002065BE /* PMS Timetable Watch Watch App.app in Embed Watch Content */ = {isa = PBXBuildFile; fileRef = 2A098C832F9DB842002065BE /* PMS Timetable Watch Watch App.app */; settings = {ATTRIBUTES = (RemoveHeadersOnCopy, ); }; };
		2A1DB40E2F9DE9A300E5AE7C /* Defaults in Frameworks */ = {isa = PBXBuildFile; productRef = 2A1DB40D2F9DE9A300E5AE7C /* Defaults */; };
		2A1DB4102F9E24D800E5AE7C /* PMSTimetable.icon in Resources */ = {isa = PBXBuildFile; fileRef = 2A1DB40F2F9E24D800E5AE7C /* PMSTimetable.icon */; };
		2A1DB4112F9E24D800E5AE7C /* PMSTimetable.icon in Resources */ = {isa = PBXBuildFile; fileRef = 2A1DB40F2F9E24D800E5AE7C /* PMSTimetable.icon */; };
		2A1DB41A2F9ECEC100E5AE7C /* WidgetKit.framework in Frameworks */ = {isa = PBXBuildFile; fileRef = 2A1DB4192F9ECEC100E5AE7C /* WidgetKit.framework */; };
		2A1DB41C2F9ECEC100E5AE7C /* SwiftUI.framework in Frameworks */ = {isa = PBXBuildFile; fileRef = 2A1DB41B2F9ECEC100E5AE7C /* SwiftUI.framework */; };
		2A1DB4272F9ECEC300E5AE7C /* PMS Timetable Watch WidgetsExtension.appex in Embed Foundation Extensions */ = {isa = PBXBuildFile; fileRef = 2A1DB4182F9ECEC100E5AE7C /* PMS Timetable Watch WidgetsExtension.appex */; settings = {ATTRIBUTES = (RemoveHeadersOnCopy, ); }; };
		2A1DB4362F9ED0B500E5AE7C /* Defaults in Frameworks */ = {isa = PBXBuildFile; productRef = 2A1DB4352F9ED0B500E5AE7C /* Defaults */; };
		2AAE2F432FA1A00300E050A2 /* Messages.framework in Frameworks */ = {isa = PBXBuildFile; fileRef = 2AAE2F422FA1A00300E050A2 /* Messages.framework */; };
		2AAE2F4F2FA1A00500E050A2 /* PMS Timetable Message Extension.appex in Embed Foundation Extensions */ = {isa = PBXBuildFile; fileRef = 2AAE2F412FA1A00300E050A2 /* PMS Timetable Message Extension.appex */; settings = {ATTRIBUTES = (RemoveHeadersOnCopy, ); }; };
		2AAE301E2FA1A5F100E050A2 /* Defaults in Frameworks */ = {isa = PBXBuildFile; productRef = 2AAE301D2FA1A5F100E050A2 /* Defaults */; };
/* End PBXBuildFile section */

/* Begin PBXContainerItemProxy section */
		2A098C8B2F9DB844002065BE /* PBXContainerItemProxy */ = {
			isa = PBXContainerItemProxy;
			containerPortal = 2A0237832F9C8EA000AB1E1F /* Project object */;
			proxyType = 1;
			remoteGlobalIDString = 2A098C822F9DB842002065BE;
			remoteInfo = "PMS Timetable Watch Watch App";
		};
		2A1DB4252F9ECEC300E5AE7C /* PBXContainerItemProxy */ = {
			isa = PBXContainerItemProxy;
			containerPortal = 2A0237832F9C8EA000AB1E1F /* Project object */;
			proxyType = 1;
			remoteGlobalIDString = 2A1DB4172F9ECEC100E5AE7C;
			remoteInfo = "PMS Timetable Watch WidgetsExtension";
		};
		2AAE2F4D2FA1A00500E050A2 /* PBXContainerItemProxy */ = {
			isa = PBXContainerItemProxy;
			containerPortal = 2A0237832F9C8EA000AB1E1F /* Project object */;
			proxyType = 1;
			remoteGlobalIDString = 2AAE2F402FA1A00300E050A2;
			remoteInfo = "PMS Timetable Message Extension";
		};
/* End PBXContainerItemProxy section */

/* Begin PBXCopyFilesBuildPhase section */
		2A098C8E2F9DB844002065BE /* Embed Watch Content */ = {
			isa = PBXCopyFilesBuildPhase;
			buildActionMask = 2147483647;
			dstPath = "$(CONTENTS_FOLDER_PATH)/Watch";
			dstSubfolderSpec = 16;
			files = (
				2A098C8D2F9DB844002065BE /* PMS Timetable Watch Watch App.app in Embed Watch Content */,
			);
			name = "Embed Watch Content";
			runOnlyForDeploymentPostprocessing = 0;
		};
		2A1DB42C2F9ECEC300E5AE7C /* Embed Foundation Extensions */ = {
			isa = PBXCopyFilesBuildPhase;
			buildActionMask = 2147483647;
			dstPath = "";
			dstSubfolderSpec = 13;
			files = (
				2A1DB4272F9ECEC300E5AE7C /* PMS Timetable Watch WidgetsExtension.appex in Embed Foundation Extensions */,
			);
			name = "Embed Foundation Extensions";
			runOnlyForDeploymentPostprocessing = 0;
		};
		2AAE2F502FA1A00500E050A2 /* Embed Foundation Extensions */ = {
			isa = PBXCopyFilesBuildPhase;
			buildActionMask = 2147483647;
			dstPath = "";
			dstSubfolderSpec = 13;
			files = (
				2AAE2F4F2FA1A00500E050A2 /* PMS Timetable Message Extension.appex in Embed Foundation Extensions */,
			);
			name = "Embed Foundation Extensions";
			runOnlyForDeploymentPostprocessing = 0;
		};
/* End PBXCopyFilesBuildPhase section */

/* Begin PBXFileReference section */
		2A02378B2F9C8EA000AB1E1F /* PMS Timetable.app */ = {isa = PBXFileReference; explicitFileType = wrapper.application; includeInIndex = 0; path = "PMS Timetable.app"; sourceTree = BUILT_PRODUCTS_DIR; };
		2A098C832F9DB842002065BE /* PMS Timetable Watch Watch App.app */ = {isa = PBXFileReference; explicitFileType = wrapper.application; includeInIndex = 0; path = "PMS Timetable Watch Watch App.app"; sourceTree = BUILT_PRODUCTS_DIR; };
		2A1DB40F2F9E24D800E5AE7C /* PMSTimetable.icon */ = {isa = PBXFileReference; lastKnownFileType = folder.iconcomposer.icon; path = PMSTimetable.icon; sourceTree = "<group>"; };
		2A1DB4182F9ECEC100E5AE7C /* PMS Timetable Watch WidgetsExtension.appex */ = {isa = PBXFileReference; explicitFileType = "wrapper.app-extension"; includeInIndex = 0; path = "PMS Timetable Watch WidgetsExtension.appex"; sourceTree = BUILT_PRODUCTS_DIR; };
		2A1DB4192F9ECEC100E5AE7C /* WidgetKit.framework */ = {isa = PBXFileReference; lastKnownFileType = wrapper.framework; name = WidgetKit.framework; path = System/Library/Frameworks/WidgetKit.framework; sourceTree = SDKROOT; };
		2A1DB41B2F9ECEC100E5AE7C /* SwiftUI.framework */ = {isa = PBXFileReference; lastKnownFileType = wrapper.framework; name = SwiftUI.framework; path = System/Library/Frameworks/SwiftUI.framework; sourceTree = SDKROOT; };
		2A1DB4382F9ED8E900E5AE7C /* PMS Timetable Watch WidgetsExtension.entitlements */ = {isa = PBXFileReference; lastKnownFileType = text.plist.entitlements; path = "PMS Timetable Watch WidgetsExtension.entitlements"; sourceTree = "<group>"; };
		2A1DB4742F9F822B00E5AE7C /* Debug.xcconfig */ = {isa = PBXFileReference; lastKnownFileType = text.xcconfig; path = Debug.xcconfig; sourceTree = "<group>"; };
		2A1DB4762F9F823100E5AE7C /* Release.xcconfig */ = {isa = PBXFileReference; lastKnownFileType = text.xcconfig; path = Release.xcconfig; sourceTree = "<group>"; };
		2AAE2F412FA1A00300E050A2 /* PMS Timetable Message Extension.appex */ = {isa = PBXFileReference; explicitFileType = "wrapper.app-extension"; includeInIndex = 0; path = "PMS Timetable Message Extension.appex"; sourceTree = BUILT_PRODUCTS_DIR; };
		2AAE2F422FA1A00300E050A2 /* Messages.framework */ = {isa = PBXFileReference; lastKnownFileType = wrapper.framework; name = Messages.framework; path = System/Library/Frameworks/Messages.framework; sourceTree = SDKROOT; };
/* End PBXFileReference section */

/* Begin PBXFileSystemSynchronizedBuildFileExceptionSet section */
		2A1DB4282F9ECEC300E5AE7C /* Exceptions for "PMS Timetable Watch Widgets" folder in "PMS Timetable Watch WidgetsExtension" target */ = {
			isa = PBXFileSystemSynchronizedBuildFileExceptionSet;
			membershipExceptions = (
				Info.plist,
			);
			target = 2A1DB4172F9ECEC100E5AE7C /* PMS Timetable Watch WidgetsExtension */;
		};
		2A6C4D952FB49B9500AF182B /* Exceptions for "PMS Timetable Watch Widgets" folder in "PMS Timetable" target */ = {
			isa = PBXFileSystemSynchronizedBuildFileExceptionSet;
			membershipExceptions = (
				Shared.swift,
			);
			target = 2A02378A2F9C8EA000AB1E1F /* PMS Timetable */;
		};
		2AAE2F532FA1A00500E050A2 /* Exceptions for "PMS Timetable Message Extension" folder in "PMS Timetable Message Extension" target */ = {
			isa = PBXFileSystemSynchronizedBuildFileExceptionSet;
			membershipExceptions = (
				Info.plist,
			);
			target = 2AAE2F402FA1A00300E050A2 /* PMS Timetable Message Extension */;
		};
		2AAE31EE2FA216E500E050A2 /* Exceptions for "PMS Timetable" folder in "PMS Timetable" target */ = {
			isa = PBXFileSystemSynchronizedBuildFileExceptionSet;
			membershipExceptions = (
				Info.plist,
			);
			target = 2A02378A2F9C8EA000AB1E1F /* PMS Timetable */;
		};
/* End PBXFileSystemSynchronizedBuildFileExceptionSet section */

/* Begin PBXFileSystemSynchronizedRootGroup section */
		2A02378D2F9C8EA000AB1E1F /* PMS Timetable */ = {
			isa = PBXFileSystemSynchronizedRootGroup;
			exceptions = (
				2AAE31EE2FA216E500E050A2 /* Exceptions for "PMS Timetable" folder in "PMS Timetable" target */,
			);
			path = "PMS Timetable";
			sourceTree = "<group>";
		};
		2A02379F2F9C908300AB1E1F /* Shared */ = {
			isa = PBXFileSystemSynchronizedRootGroup;
			path = Shared;
			sourceTree = "<group>";
		};
		2A098C842F9DB842002065BE /* PMS Timetable Watch Watch App */ = {
			isa = PBXFileSystemSynchronizedRootGroup;
			path = "PMS Timetable Watch Watch App";
			sourceTree = "<group>";
		};
		2A1DB41D2F9ECEC100E5AE7C /* PMS Timetable Watch Widgets */ = {
			isa = PBXFileSystemSynchronizedRootGroup;
			exceptions = (
				2A6C4D952FB49B9500AF182B /* Exceptions for "PMS Timetable Watch Widgets" folder in "PMS Timetable" target */,
				2A1DB4282F9ECEC300E5AE7C /* Exceptions for "PMS Timetable Watch Widgets" folder in "PMS Timetable Watch WidgetsExtension" target */,
			);
			path = "PMS Timetable Watch Widgets";
			sourceTree = "<group>";
		};
		2AAE2F442FA1A00300E050A2 /* PMS Timetable Message Extension */ = {
			isa = PBXFileSystemSynchronizedRootGroup;
			exceptions = (
				2AAE2F532FA1A00500E050A2 /* Exceptions for "PMS Timetable Message Extension" folder in "PMS Timetable Message Extension" target */,
			);
			path = "PMS Timetable Message Extension";
			sourceTree = "<group>";
		};
/* End PBXFileSystemSynchronizedRootGroup section */

/* Begin PBXFrameworksBuildPhase section */
		2A0237882F9C8EA000AB1E1F /* Frameworks */ = {
			isa = PBXFrameworksBuildPhase;
			buildActionMask = 2147483647;
			files = (
				2A02379B2F9C907000AB1E1F /* Defaults in Frameworks */,
				2A0237AC2F9D9DE800AB1E1F /* SFSymbolsPicker in Frameworks */,
				2A02379D2F9C907000AB1E1F /* DefaultsMacros in Frameworks */,
			);
			runOnlyForDeploymentPostprocessing = 0;
		};
		2A098C802F9DB842002065BE /* Frameworks */ = {
			isa = PBXFrameworksBuildPhase;
			buildActionMask = 2147483647;
			files = (
				2A1DB40E2F9DE9A300E5AE7C /* Defaults in Frameworks */,
			);
			runOnlyForDeploymentPostprocessing = 0;
		};
		2A1DB4152F9ECEC100E5AE7C /* Frameworks */ = {
			isa = PBXFrameworksBuildPhase;
			buildActionMask = 2147483647;
			files = (
				2A1DB4362F9ED0B500E5AE7C /* Defaults in Frameworks */,
				2A1DB41C2F9ECEC100E5AE7C /* SwiftUI.framework in Frameworks */,
				2A1DB41A2F9ECEC100E5AE7C /* WidgetKit.framework in Frameworks */,
			);
			runOnlyForDeploymentPostprocessing = 0;
		};
		2AAE2F3E2FA1A00300E050A2 /* Frameworks */ = {
			isa = PBXFrameworksBuildPhase;
			buildActionMask = 2147483647;
			files = (
				2AAE301E2FA1A5F100E050A2 /* Defaults in Frameworks */,
				2AAE2F432FA1A00300E050A2 /* Messages.framework in Frameworks */,
			);
			runOnlyForDeploymentPostprocessing = 0;
		};
/* End PBXFrameworksBuildPhase section */

/* Begin PBXGroup section */
		2A0237822F9C8EA000AB1E1F = {
			isa = PBXGroup;
			children = (
				2A1DB4382F9ED8E900E5AE7C /* PMS Timetable Watch WidgetsExtension.entitlements */,
				2A1DB4742F9F822B00E5AE7C /* Debug.xcconfig */,
				2A1DB4762F9F823100E5AE7C /* Release.xcconfig */,
				2A02378D2F9C8EA000AB1E1F /* PMS Timetable */,
				2A098C842F9DB842002065BE /* PMS Timetable Watch Watch App */,
				2A1DB41D2F9ECEC100E5AE7C /* PMS Timetable Watch Widgets */,
				2AAE2F442FA1A00300E050A2 /* PMS Timetable Message Extension */,
				2A02378C2F9C8EA000AB1E1F /* Products */,
				2A02379F2F9C908300AB1E1F /* Shared */,
				2A1DB40C2F9DE9A300E5AE7C /* Frameworks */,
				2A1DB40F2F9E24D800E5AE7C /* PMSTimetable.icon */,
			);
			sourceTree = "<group>";
		};
		2A02378C2F9C8EA000AB1E1F /* Products */ = {
			isa = PBXGroup;
			children = (
				2A02378B2F9C8EA000AB1E1F /* PMS Timetable.app */,
				2A098C832F9DB842002065BE /* PMS Timetable Watch Watch App.app */,
				2A1DB4182F9ECEC100E5AE7C /* PMS Timetable Watch WidgetsExtension.appex */,
				2AAE2F412FA1A00300E050A2 /* PMS Timetable Message Extension.appex */,
			);
			name = Products;
			sourceTree = "<group>";
		};
		2A1DB40C2F9DE9A300E5AE7C /* Frameworks */ = {
			isa = PBXGroup;
			children = (
				2A1DB4192F9ECEC100E5AE7C /* WidgetKit.framework */,
				2A1DB41B2F9ECEC100E5AE7C /* SwiftUI.framework */,
				2AAE2F422FA1A00300E050A2 /* Messages.framework */,
			);
			name = Frameworks;
			sourceTree = "<group>";
		};
/* End PBXGroup section */

/* Begin PBXNativeTarget section */
		2A02378A2F9C8EA000AB1E1F /* PMS Timetable */ = {
			isa = PBXNativeTarget;
			buildConfigurationList = 2A0237962F9C8EA100AB1E1F /* Build configuration list for PBXNativeTarget "PMS Timetable" */;
			buildPhases = (
				2A0237872F9C8EA000AB1E1F /* Sources */,
				2A0237882F9C8EA000AB1E1F /* Frameworks */,
				2A0237892F9C8EA000AB1E1F /* Resources */,
				2A098C8E2F9DB844002065BE /* Embed Watch Content */,
				2AAE2F502FA1A00500E050A2 /* Embed Foundation Extensions */,
			);
			buildRules = (
			);
			dependencies = (
				2A098C8C2F9DB844002065BE /* PBXTargetDependency */,
				2AAE2F4E2FA1A00500E050A2 /* PBXTargetDependency */,
			);
			fileSystemSynchronizedGroups = (
				2A02378D2F9C8EA000AB1E1F /* PMS Timetable */,
				2A02379F2F9C908300AB1E1F /* Shared */,
			);
			name = "PMS Timetable";
			packageProductDependencies = (
				2A02379A2F9C907000AB1E1F /* Defaults */,
				2A02379C2F9C907000AB1E1F /* DefaultsMacros */,
				2A0237AB2F9D9DE800AB1E1F /* SFSymbolsPicker */,
			);
			productName = "PMS Timetable";
			productReference = 2A02378B2F9C8EA000AB1E1F /* PMS Timetable.app */;
			productType = "com.apple.product-type.application";
		};
		2A098C822F9DB842002065BE /* PMS Timetable Watch Watch App */ = {
			isa = PBXNativeTarget;
			buildConfigurationList = 2A098C912F9DB844002065BE /* Build configuration list for PBXNativeTarget "PMS Timetable Watch Watch App" */;
			buildPhases = (
				2A098C7F2F9DB842002065BE /* Sources */,
				2A098C802F9DB842002065BE /* Frameworks */,
				2A098C812F9DB842002065BE /* Resources */,
				2A1DB42C2F9ECEC300E5AE7C /* Embed Foundation Extensions */,
			);
			buildRules = (
			);
			dependencies = (
				2A1DB4262F9ECEC300E5AE7C /* PBXTargetDependency */,
			);
			fileSystemSynchronizedGroups = (
				2A02379F2F9C908300AB1E1F /* Shared */,
				2A098C842F9DB842002065BE /* PMS Timetable Watch Watch App */,
			);
			name = "PMS Timetable Watch Watch App";
			packageProductDependencies = (
				2A1DB40D2F9DE9A300E5AE7C /* Defaults */,
			);
			productName = "PMS Timetable Watch Watch App";
			productReference = 2A098C832F9DB842002065BE /* PMS Timetable Watch Watch App.app */;
			productType = "com.apple.product-type.application";
		};
		2A1DB4172F9ECEC100E5AE7C /* PMS Timetable Watch WidgetsExtension */ = {
			isa = PBXNativeTarget;
			buildConfigurationList = 2A1DB4292F9ECEC300E5AE7C /* Build configuration list for PBXNativeTarget "PMS Timetable Watch WidgetsExtension" */;
			buildPhases = (
				2A1DB4142F9ECEC100E5AE7C /* Sources */,
				2A1DB4152F9ECEC100E5AE7C /* Frameworks */,
				2A1DB4162F9ECEC100E5AE7C /* Resources */,
			);
			buildRules = (
			);
			dependencies = (
			);
			fileSystemSynchronizedGroups = (
				2A02379F2F9C908300AB1E1F /* Shared */,
				2A1DB41D2F9ECEC100E5AE7C /* PMS Timetable Watch Widgets */,
			);
			name = "PMS Timetable Watch WidgetsExtension";
			packageProductDependencies = (
				2A1DB4352F9ED0B500E5AE7C /* Defaults */,
			);
			productName = "PMS Timetable Watch WidgetsExtension";
			productReference = 2A1DB4182F9ECEC100E5AE7C /* PMS Timetable Watch WidgetsExtension.appex */;
			productType = "com.apple.product-type.app-extension";
		};
		2AAE2F402FA1A00300E050A2 /* PMS Timetable Message Extension */ = {
			isa = PBXNativeTarget;
			buildConfigurationList = 2AAE2F542FA1A00500E050A2 /* Build configuration list for PBXNativeTarget "PMS Timetable Message Extension" */;
			buildPhases = (
				2AAE2F3D2FA1A00300E050A2 /* Sources */,
				2AAE2F3E2FA1A00300E050A2 /* Frameworks */,
				2AAE2F3F2FA1A00300E050A2 /* Resources */,
			);
			buildRules = (
			);
			dependencies = (
			);
			fileSystemSynchronizedGroups = (
				2A02379F2F9C908300AB1E1F /* Shared */,
				2AAE2F442FA1A00300E050A2 /* PMS Timetable Message Extension */,
			);
			name = "PMS Timetable Message Extension";
			packageProductDependencies = (
				2AAE301D2FA1A5F100E050A2 /* Defaults */,
			);
			productName = "PMS Timetable Message Extension";
			productReference = 2AAE2F412FA1A00300E050A2 /* PMS Timetable Message Extension.appex */;
			productType = "com.apple.product-type.app-extension.messages";
		};
/* End PBXNativeTarget section */

/* Begin PBXProject section */
		2A0237832F9C8EA000AB1E1F /* Project object */ = {
			isa = PBXProject;
			attributes = {
				BuildIndependentTargetsInParallel = 1;
				LastSwiftUpdateCheck = 2640;
				LastUpgradeCheck = 2650;
				TargetAttributes = {
					2A02378A2F9C8EA000AB1E1F = {
						CreatedOnToolsVersion = 26.5;
					};
					2A098C822F9DB842002065BE = {
						CreatedOnToolsVersion = 26.5;
					};
					2A1DB4172F9ECEC100E5AE7C = {
						CreatedOnToolsVersion = 26.5;
					};
					2AAE2F402FA1A00300E050A2 = {
						CreatedOnToolsVersion = 26.4.1;
					};
				};
			};
			buildConfigurationList = 2A0237862F9C8EA000AB1E1F /* Build configuration list for PBXProject "PMS Timetable" */;
			developmentRegion = en;
			hasScannedForEncodings = 0;
			knownRegions = (
				en,
				Base,
			);
			mainGroup = 2A0237822F9C8EA000AB1E1F;
			minimizedProjectReferenceProxies = 1;
			packageReferences = (
				2A0237992F9C907000AB1E1F /* XCRemoteSwiftPackageReference "Defaults" */,
				2A0237AA2F9D9DE800AB1E1F /* XCLocalSwiftPackageReference "../../../Downloads/SFSymbolsPickerForSwiftUI-main" */,
			);
			preferredProjectObjectVersion = 77;
			productRefGroup = 2A02378C2F9C8EA000AB1E1F /* Products */;
			projectDirPath = "";
			projectRoot = "";
			targets = (
				2A02378A2F9C8EA000AB1E1F /* PMS Timetable */,
				2A098C822F9DB842002065BE /* PMS Timetable Watch Watch App */,
				2A1DB4172F9ECEC100E5AE7C /* PMS Timetable Watch WidgetsExtension */,
				2AAE2F402FA1A00300E050A2 /* PMS Timetable Message Extension */,
			);
		};
/* End PBXProject section */

/* Begin PBXResourcesBuildPhase section */
		2A0237892F9C8EA000AB1E1F /* Resources */ = {
			isa = PBXResourcesBuildPhase;
			buildActionMask = 2147483647;
			files = (
				2A1DB4102F9E24D800E5AE7C /* PMSTimetable.icon in Resources */,
			);
			runOnlyForDeploymentPostprocessing = 0;
		};
		2A098C812F9DB842002065BE /* Resources */ = {
			isa = PBXResourcesBuildPhase;
			buildActionMask = 2147483647;
			files = (
				2A1DB4112F9E24D800E5AE7C /* PMSTimetable.icon in Resources */,
			);
			runOnlyForDeploymentPostprocessing = 0;
		};
		2A1DB4162F9ECEC100E5AE7C /* Resources */ = {
			isa = PBXResourcesBuildPhase;
			buildActionMask = 2147483647;
			files = (
			);
			runOnlyForDeploymentPostprocessing = 0;
		};
		2AAE2F3F2FA1A00300E050A2 /* Resources */ = {
			isa = PBXResourcesBuildPhase;
			buildActionMask = 2147483647;
			files = (
			);
			runOnlyForDeploymentPostprocessing = 0;
		};
/* End PBXResourcesBuildPhase section */

/* Begin PBXSourcesBuildPhase section */
		2A0237872F9C8EA000AB1E1F /* Sources */ = {
			isa = PBXSourcesBuildPhase;
			buildActionMask = 2147483647;
			files = (
			);
			runOnlyForDeploymentPostprocessing = 0;
		};
		2A098C7F2F9DB842002065BE /* Sources */ = {
			isa = PBXSourcesBuildPhase;
			buildActionMask = 2147483647;
			files = (
			);
			runOnlyForDeploymentPostprocessing = 0;
		};
		2A1DB4142F9ECEC100E5AE7C /* Sources */ = {
			isa = PBXSourcesBuildPhase;
			buildActionMask = 2147483647;
			files = (
			);
			runOnlyForDeploymentPostprocessing = 0;
		};
		2AAE2F3D2FA1A00300E050A2 /* Sources */ = {
			isa = PBXSourcesBuildPhase;
			buildActionMask = 2147483647;
			files = (
			);
			runOnlyForDeploymentPostprocessing = 0;
		};
/* End PBXSourcesBuildPhase section */

/* Begin PBXTargetDependency section */
		2A098C8C2F9DB844002065BE /* PBXTargetDependency */ = {
			isa = PBXTargetDependency;
			target = 2A098C822F9DB842002065BE /* PMS Timetable Watch Watch App */;
			targetProxy = 2A098C8B2F9DB844002065BE /* PBXContainerItemProxy */;
		};
		2A1DB4262F9ECEC300E5AE7C /* PBXTargetDependency */ = {
			isa = PBXTargetDependency;
			target = 2A1DB4172F9ECEC100E5AE7C /* PMS Timetable Watch WidgetsExtension */;
			targetProxy = 2A1DB4252F9ECEC300E5AE7C /* PBXContainerItemProxy */;
		};
		2AAE2F4E2FA1A00500E050A2 /* PBXTargetDependency */ = {
			isa = PBXTargetDependency;
			target = 2AAE2F402FA1A00300E050A2 /* PMS Timetable Message Extension */;
			targetProxy = 2AAE2F4D2FA1A00500E050A2 /* PBXContainerItemProxy */;
		};
/* End PBXTargetDependency section */

/* Begin XCBuildConfiguration section */
		2A0237942F9C8EA100AB1E1F /* Debug */ = {
			isa = XCBuildConfiguration;
			baseConfigurationReference = 2A1DB4742F9F822B00E5AE7C /* Debug.xcconfig */;
			buildSettings = {
				ALWAYS_SEARCH_USER_PATHS = NO;
				ASSETCATALOG_COMPILER_GENERATE_SWIFT_ASSET_SYMBOL_EXTENSIONS = YES;
				CLANG_ANALYZER_NONNULL = YES;
				CLANG_ANALYZER_NUMBER_OBJECT_CONVERSION = YES_AGGRESSIVE;
				CLANG_CXX_LANGUAGE_STANDARD = "gnu++20";
				CLANG_ENABLE_MODULES = YES;
				CLANG_ENABLE_OBJC_ARC = YES;
				CLANG_ENABLE_OBJC_WEAK = YES;
				CLANG_WARN_BLOCK_CAPTURE_AUTORELEASING = YES;
				CLANG_WARN_BOOL_CONVERSION = YES;
				CLANG_WARN_COMMA = YES;
				CLANG_WARN_CONSTANT_CONVERSION = YES;
				CLANG_WARN_DEPRECATED_OBJC_IMPLEMENTATIONS = YES;
				CLANG_WARN_DIRECT_OBJC_ISA_USAGE = YES_ERROR;
				CLANG_WARN_DOCUMENTATION_COMMENTS = YES;
				CLANG_WARN_EMPTY_BODY = YES;
				CLANG_WARN_ENUM_CONVERSION = YES;
				CLANG_WARN_INFINITE_RECURSION = YES;
				CLANG_WARN_INT_CONVERSION = YES;
				CLANG_WARN_NON_LITERAL_NULL_CONVERSION = YES;
				CLANG_WARN_OBJC_IMPLICIT_RETAIN_SELF = YES;
				CLANG_WARN_OBJC_LITERAL_CONVERSION = YES;
				CLANG_WARN_OBJC_ROOT_CLASS = YES_ERROR;
				CLANG_WARN_QUOTED_INCLUDE_IN_FRAMEWORK_HEADER = YES;
				CLANG_WARN_RANGE_LOOP_ANALYSIS = YES;
				CLANG_WARN_STRICT_PROTOTYPES = YES;
				CLANG_WARN_SUSPICIOUS_MOVE = YES;
				CLANG_WARN_UNGUARDED_AVAILABILITY = YES_AGGRESSIVE;
				CLANG_WARN_UNREACHABLE_CODE = YES;
				CLANG_WARN__DUPLICATE_METHOD_MATCH = YES;
				COPY_PHASE_STRIP = NO;
				DEBUG_INFORMATION_FORMAT = dwarf;
				DEVELOPMENT_TEAM = C2HN547N49;
				ENABLE_STRICT_OBJC_MSGSEND = YES;
				ENABLE_TESTABILITY = YES;
				ENABLE_USER_SCRIPT_SANDBOXING = YES;
				GCC_C_LANGUAGE_STANDARD = gnu17;
				GCC_DYNAMIC_NO_PIC = NO;
				GCC_NO_COMMON_BLOCKS = YES;
				GCC_OPTIMIZATION_LEVEL = 0;
				GCC_PREPROCESSOR_DEFINITIONS = (
					"DEBUG=1",
					"$(inherited)",
				);
				GCC_WARN_64_TO_32_BIT_CONVERSION = YES;
				GCC_WARN_ABOUT_RETURN_TYPE = YES_ERROR;
				GCC_WARN_UNDECLARED_SELECTOR = YES;
				GCC_WARN_UNINITIALIZED_AUTOS = YES_AGGRESSIVE;
				GCC_WARN_UNUSED_FUNCTION = YES;
				GCC_WARN_UNUSED_VARIABLE = YES;
				IPHONEOS_DEPLOYMENT_TARGET = 26.5;
				LOCALIZATION_PREFERS_STRING_CATALOGS = YES;
				MTL_ENABLE_DEBUG_INFO = INCLUDE_SOURCE;
				MTL_FAST_MATH = YES;
				ONLY_ACTIVE_ARCH = YES;
				SDKROOT = iphoneos;
				STRING_CATALOG_GENERATE_SYMBOLS = YES;
				SWIFT_ACTIVE_COMPILATION_CONDITIONS = "DEBUG $(inherited)";
				SWIFT_OPTIMIZATION_LEVEL = "-Onone";
			};
			name = Debug;
		};
		2A0237952F9C8EA100AB1E1F /* Release */ = {
			isa = XCBuildConfiguration;
			baseConfigurationReference = 2A1DB4762F9F823100E5AE7C /* Release.xcconfig */;
			buildSettings = {
				ALWAYS_SEARCH_USER_PATHS = NO;
				ASSETCATALOG_COMPILER_GENERATE_SWIFT_ASSET_SYMBOL_EXTENSIONS = YES;
				CLANG_ANALYZER_NONNULL = YES;
				CLANG_ANALYZER_NUMBER_OBJECT_CONVERSION = YES_AGGRESSIVE;
				CLANG_CXX_LANGUAGE_STANDARD = "gnu++20";
				CLANG_ENABLE_MODULES = YES;
				CLANG_ENABLE_OBJC_ARC = YES;
				CLANG_ENABLE_OBJC_WEAK = YES;
				CLANG_WARN_BLOCK_CAPTURE_AUTORELEASING = YES;
				CLANG_WARN_BOOL_CONVERSION = YES;
				CLANG_WARN_COMMA = YES;
				CLANG_WARN_CONSTANT_CONVERSION = YES;
				CLANG_WARN_DEPRECATED_OBJC_IMPLEMENTATIONS = YES;
				CLANG_WARN_DIRECT_OBJC_ISA_USAGE = YES_ERROR;
				CLANG_WARN_DOCUMENTATION_COMMENTS = YES;
				CLANG_WARN_EMPTY_BODY = YES;
				CLANG_WARN_ENUM_CONVERSION = YES;
				CLANG_WARN_INFINITE_RECURSION = YES;
				CLANG_WARN_INT_CONVERSION = YES;
				CLANG_WARN_NON_LITERAL_NULL_CONVERSION = YES;
				CLANG_WARN_OBJC_IMPLICIT_RETAIN_SELF = YES;
				CLANG_WARN_OBJC_LITERAL_CONVERSION = YES;
				CLANG_WARN_OBJC_ROOT_CLASS = YES_ERROR;
				CLANG_WARN_QUOTED_INCLUDE_IN_FRAMEWORK_HEADER = YES;
				CLANG_WARN_RANGE_LOOP_ANALYSIS = YES;
				CLANG_WARN_STRICT_PROTOTYPES = YES;
				CLANG_WARN_SUSPICIOUS_MOVE = YES;
				CLANG_WARN_UNGUARDED_AVAILABILITY = YES_AGGRESSIVE;
				CLANG_WARN_UNREACHABLE_CODE = YES;
				CLANG_WARN__DUPLICATE_METHOD_MATCH = YES;
				COPY_PHASE_STRIP = NO;
				DEBUG_INFORMATION_FORMAT = "dwarf-with-dsym";
				DEVELOPMENT_TEAM = C2HN547N49;
				ENABLE_NS_ASSERTIONS = NO;
				ENABLE_STRICT_OBJC_MSGSEND = YES;
				ENABLE_USER_SCRIPT_SANDBOXING = YES;
				GCC_C_LANGUAGE_STANDARD = gnu17;
				GCC_NO_COMMON_BLOCKS = YES;
				GCC_WARN_64_TO_32_BIT_CONVERSION = YES;
				GCC_WARN_ABOUT_RETURN_TYPE = YES_ERROR;
				GCC_WARN_UNDECLARED_SELECTOR = YES;
				GCC_WARN_UNINITIALIZED_AUTOS = YES_AGGRESSIVE;
				GCC_WARN_UNUSED_FUNCTION = YES;
				GCC_WARN_UNUSED_VARIABLE = YES;
				IPHONEOS_DEPLOYMENT_TARGET = 26.5;
				LOCALIZATION_PREFERS_STRING_CATALOGS = YES;
				MTL_ENABLE_DEBUG_INFO = NO;
				MTL_FAST_MATH = YES;
				SDKROOT = iphoneos;
				STRING_CATALOG_GENERATE_SYMBOLS = YES;
				SWIFT_COMPILATION_MODE = wholemodule;
				VALIDATE_PRODUCT = YES;
			};
			name = Release;
		};
		2A0237972F9C8EA100AB1E1F /* Debug */ = {
			isa = XCBuildConfiguration;
			buildSettings = {
				ASSETCATALOG_COMPILER_APPICON_NAME = PMSTimetable;
				ASSETCATALOG_COMPILER_GLOBAL_ACCENT_COLOR_NAME = AccentColor;
				ASSETCATALOG_COMPILER_INCLUDE_ALL_APPICON_ASSETS = YES;
				CODE_SIGN_ENTITLEMENTS = "PMS Timetable/PMS TimetableDebug.entitlements";
				CODE_SIGN_STYLE = Automatic;
				CURRENT_PROJECT_VERSION = 3;
				DEVELOPMENT_TEAM = C2HN547N49;
				ENABLE_PREVIEWS = YES;
				GENERATE_INFOPLIST_FILE = NO;
				INFOPLIST_FILE = "PMS Timetable/Info.plist";
				INFOPLIST_KEY_CFBundleDisplayName = "PMS Timetable";
				INFOPLIST_KEY_LSApplicationCategoryType = "public.app-category.utilities";
				IPHONEOS_DEPLOYMENT_TARGET = 26.0;
				LD_RUNPATH_SEARCH_PATHS = (
					"$(inherited)",
					"@executable_path/Frameworks",
				);
				MARKETING_VERSION = 1.0;
				PRODUCT_BUNDLE_IDENTIFIER = "com.omeriadon.PMS-Timetable";
				PRODUCT_NAME = "$(TARGET_NAME)";
				STRING_CATALOG_GENERATE_SYMBOLS = YES;
				SUPPORTED_PLATFORMS = "iphoneos iphonesimulator";
				SUPPORTS_MACCATALYST = NO;
				SUPPORTS_MAC_DESIGNED_FOR_IPHONE_IPAD = NO;
				SUPPORTS_XR_DESIGNED_FOR_IPHONE_IPAD = NO;
				SWIFT_APPROACHABLE_CONCURRENCY = YES;
				SWIFT_DEFAULT_ACTOR_ISOLATION = MainActor;
				SWIFT_EMIT_LOC_STRINGS = YES;
				SWIFT_UPCOMING_FEATURE_MEMBER_IMPORT_VISIBILITY = YES;
				SWIFT_VERSION = 5.0;
				TARGETED_DEVICE_FAMILY = 1;
			};
			name = Debug;
		};
		2A0237982F9C8EA100AB1E1F /* Release */ = {
			isa = XCBuildConfiguration;
			buildSettings = {
				ASSETCATALOG_COMPILER_APPICON_NAME = PMSTimetable;
				ASSETCATALOG_COMPILER_GLOBAL_ACCENT_COLOR_NAME = AccentColor;
				ASSETCATALOG_COMPILER_INCLUDE_ALL_APPICON_ASSETS = YES;
				CODE_SIGN_STYLE = Automatic;
				CURRENT_PROJECT_VERSION = 3;
				DEVELOPMENT_TEAM = P6PV2R9443;
				ENABLE_PREVIEWS = YES;
				GENERATE_INFOPLIST_FILE = NO;
				INFOPLIST_FILE = "PMS Timetable/Info.plist";
				INFOPLIST_KEY_CFBundleDisplayName = "PMS Timetable";
				INFOPLIST_KEY_LSApplicationCategoryType = "public.app-category.utilities";
				IPHONEOS_DEPLOYMENT_TARGET = 26.0;
				LD_RUNPATH_SEARCH_PATHS = (
					"$(inherited)",
					"@executable_path/Frameworks",
				);
				MARKETING_VERSION = 1.0;
				PRODUCT_BUNDLE_IDENTIFIER = "com.omeriadon-release.PMS-Timetable";
				PRODUCT_NAME = "$(TARGET_NAME)";
				STRING_CATALOG_GENERATE_SYMBOLS = YES;
				SUPPORTED_PLATFORMS = "iphoneos iphonesimulator";
				SUPPORTS_MACCATALYST = NO;
				SUPPORTS_MAC_DESIGNED_FOR_IPHONE_IPAD = NO;
				SUPPORTS_XR_DESIGNED_FOR_IPHONE_IPAD = NO;
				SWIFT_APPROACHABLE_CONCURRENCY = YES;
				SWIFT_DEFAULT_ACTOR_ISOLATION = MainActor;
				SWIFT_EMIT_LOC_STRINGS = YES;
				SWIFT_UPCOMING_FEATURE_MEMBER_IMPORT_VISIBILITY = YES;
				SWIFT_VERSION = 5.0;
				TARGETED_DEVICE_FAMILY = 1;
			};
			name = Release;
		};
		2A098C8F2F9DB844002065BE /* Debug */ = {
			isa = XCBuildConfiguration;
			buildSettings = {
				ASSETCATALOG_COMPILER_APPICON_NAME = PMSTimetable;
				ASSETCATALOG_COMPILER_GLOBAL_ACCENT_COLOR_NAME = AccentColor;
				ASSETCATALOG_COMPILER_INCLUDE_ALL_APPICON_ASSETS = YES;
				CODE_SIGN_ENTITLEMENTS = "PMS Timetable Watch Watch App/PMS Timetable Watch Watch App.entitlements";
				CODE_SIGN_STYLE = Automatic;
				CURRENT_PROJECT_VERSION = 3;
				DEVELOPMENT_TEAM = C2HN547N49;
				ENABLE_PREVIEWS = YES;
				GENERATE_INFOPLIST_FILE = YES;
				INFOPLIST_KEY_CFBundleDisplayName = "PMS Timetable";
				INFOPLIST_KEY_UISupportedInterfaceOrientations = "UIInterfaceOrientationPortrait UIInterfaceOrientationPortraitUpsideDown";
				INFOPLIST_KEY_WKCompanionAppBundleIdentifier = "com.omeriadon.PMS-Timetable";
				LD_RUNPATH_SEARCH_PATHS = (
					"$(inherited)",
					"@executable_path/Frameworks",
				);
				MARKETING_VERSION = 1.0;
				PRODUCT_BUNDLE_IDENTIFIER = "com.omeriadon.PMS-Timetable.watchkitapp";
				PRODUCT_NAME = "$(TARGET_NAME)";
				SDKROOT = watchos;
				SKIP_INSTALL = YES;
				STRING_CATALOG_GENERATE_SYMBOLS = YES;
				SWIFT_APPROACHABLE_CONCURRENCY = YES;
				SWIFT_DEFAULT_ACTOR_ISOLATION = MainActor;
				SWIFT_EMIT_LOC_STRINGS = YES;
				SWIFT_UPCOMING_FEATURE_MEMBER_IMPORT_VISIBILITY = YES;
				SWIFT_VERSION = 5.0;
				TARGETED_DEVICE_FAMILY = 4;
				WATCHOS_DEPLOYMENT_TARGET = 26.0;
			};
			name = Debug;
		};
		2A098C902F9DB844002065BE /* Release */ = {
			isa = XCBuildConfiguration;
			buildSettings = {
				ASSETCATALOG_COMPILER_APPICON_NAME = PMSTimetable;
				ASSETCATALOG_COMPILER_GLOBAL_ACCENT_COLOR_NAME = AccentColor;
				ASSETCATALOG_COMPILER_INCLUDE_ALL_APPICON_ASSETS = YES;
				CODE_SIGN_ENTITLEMENTS = "PMS Timetable Watch Watch App/PMS Timetable Watch Watch App.entitlements";
				CODE_SIGN_STYLE = Automatic;
				CURRENT_PROJECT_VERSION = 3;
				DEVELOPMENT_TEAM = P6PV2R9443;
				ENABLE_PREVIEWS = YES;
				GENERATE_INFOPLIST_FILE = YES;
				INFOPLIST_KEY_CFBundleDisplayName = "PMS Timetable";
				INFOPLIST_KEY_UISupportedInterfaceOrientations = "UIInterfaceOrientationPortrait UIInterfaceOrientationPortraitUpsideDown";
				INFOPLIST_KEY_WKCompanionAppBundleIdentifier = "com.omeriadon-release.PMS-Timetable";
				LD_RUNPATH_SEARCH_PATHS = (
					"$(inherited)",
					"@executable_path/Frameworks",
				);
				MARKETING_VERSION = 1.0;
				PRODUCT_BUNDLE_IDENTIFIER = "com.omeriadon-release.PMS-Timetable.watchkitapp";
				PRODUCT_NAME = "$(TARGET_NAME)";
				SDKROOT = watchos;
				SKIP_INSTALL = YES;
				STRING_CATALOG_GENERATE_SYMBOLS = YES;
				SWIFT_APPROACHABLE_CONCURRENCY = YES;
				SWIFT_DEFAULT_ACTOR_ISOLATION = MainActor;
				SWIFT_EMIT_LOC_STRINGS = YES;
				SWIFT_UPCOMING_FEATURE_MEMBER_IMPORT_VISIBILITY = YES;
				SWIFT_VERSION = 5.0;
				TARGETED_DEVICE_FAMILY = 4;
				WATCHOS_DEPLOYMENT_TARGET = 26.0;
			};
			name = Release;
		};
		2A1DB42A2F9ECEC300E5AE7C /* Debug */ = {
			isa = XCBuildConfiguration;
			buildSettings = {
				ASSETCATALOG_COMPILER_GLOBAL_ACCENT_COLOR_NAME = AccentColor;
				ASSETCATALOG_COMPILER_WIDGET_BACKGROUND_COLOR_NAME = WidgetBackground;
				CODE_SIGN_ENTITLEMENTS = "PMS Timetable Watch WidgetsExtension.entitlements";
				CODE_SIGN_STYLE = Automatic;
				CURRENT_PROJECT_VERSION = 3;
				DEVELOPMENT_TEAM = C2HN547N49;
				GENERATE_INFOPLIST_FILE = YES;
				INFOPLIST_FILE = "PMS Timetable Watch Widgets/Info.plist";
				INFOPLIST_KEY_CFBundleDisplayName = "PMS Timetable Widgets";
				INFOPLIST_KEY_NSHumanReadableCopyright = "";
				LD_RUNPATH_SEARCH_PATHS = (
					"$(inherited)",
					"@executable_path/Frameworks",
					"@executable_path/../../Frameworks",
					"@executable_path/../../../../Frameworks",
				);
				MARKETING_VERSION = 1.0;
				PRODUCT_BUNDLE_IDENTIFIER = "com.omeriadon.PMS-Timetable.watchkitapp.PMS-Timetable-Watch-Widgets";
				PRODUCT_NAME = "$(TARGET_NAME)";
				SDKROOT = watchos;
				SKIP_INSTALL = YES;
				STRING_CATALOG_GENERATE_SYMBOLS = YES;
				SWIFT_APPROACHABLE_CONCURRENCY = YES;
				SWIFT_EMIT_LOC_STRINGS = YES;
				SWIFT_UPCOMING_FEATURE_MEMBER_IMPORT_VISIBILITY = YES;
				SWIFT_VERSION = 5.0;
				TARGETED_DEVICE_FAMILY = 4;
				WATCHOS_DEPLOYMENT_TARGET = 26.0;
			};
			name = Debug;
		};
		2A1DB42B2F9ECEC300E5AE7C /* Release */ = {
			isa = XCBuildConfiguration;
			buildSettings = {
				ASSETCATALOG_COMPILER_GLOBAL_ACCENT_COLOR_NAME = AccentColor;
				ASSETCATALOG_COMPILER_WIDGET_BACKGROUND_COLOR_NAME = WidgetBackground;
				CODE_SIGN_ENTITLEMENTS = "PMS Timetable Watch WidgetsExtension.entitlements";
				CODE_SIGN_STYLE = Automatic;
				CURRENT_PROJECT_VERSION = 3;
				DEVELOPMENT_TEAM = P6PV2R9443;
				GENERATE_INFOPLIST_FILE = YES;
				INFOPLIST_FILE = "PMS Timetable Watch Widgets/Info.plist";
				INFOPLIST_KEY_CFBundleDisplayName = "PMS Timetable Widgets";
				INFOPLIST_KEY_NSHumanReadableCopyright = "";
				LD_RUNPATH_SEARCH_PATHS = (
					"$(inherited)",
					"@executable_path/Frameworks",
					"@executable_path/../../Frameworks",
					"@executable_path/../../../../Frameworks",
				);
				MARKETING_VERSION = 1.0;
				PRODUCT_BUNDLE_IDENTIFIER = "com.omeriadon-release.PMS-Timetable.watchkitapp.PMS-Timetable-Watch-Widgets";
				PRODUCT_NAME = "$(TARGET_NAME)";
				SDKROOT = watchos;
				SKIP_INSTALL = YES;
				STRING_CATALOG_GENERATE_SYMBOLS = YES;
				SWIFT_APPROACHABLE_CONCURRENCY = YES;
				SWIFT_EMIT_LOC_STRINGS = YES;
				SWIFT_UPCOMING_FEATURE_MEMBER_IMPORT_VISIBILITY = YES;
				SWIFT_VERSION = 5.0;
				TARGETED_DEVICE_FAMILY = 4;
				WATCHOS_DEPLOYMENT_TARGET = 26.0;
			};
			name = Release;
		};
		2AAE2F512FA1A00500E050A2 /* Debug */ = {
			isa = XCBuildConfiguration;
			buildSettings = {
				APP_GROUP_ID = "$(APP_GROUP_ID)";
				ASSETCATALOG_COMPILER_APPICON_NAME = "iMessage App Icon";
				CODE_SIGN_ENTITLEMENTS = "PMS Timetable Message Extension/PMS Timetable Message Extension.entitlements";
				CODE_SIGN_STYLE = Automatic;
				CURRENT_PROJECT_VERSION = 3;
				DEVELOPMENT_TEAM = C2HN547N49;
				GENERATE_INFOPLIST_FILE = YES;
				INFOPLIST_FILE = "PMS Timetable Message Extension/Info.plist";
				INFOPLIST_KEY_CFBundleDisplayName = "PMS Timetable Message Extension";
				INFOPLIST_KEY_NSHumanReadableCopyright = "";
				IPHONEOS_DEPLOYMENT_TARGET = 26.0;
				LD_RUNPATH_SEARCH_PATHS = (
					"$(inherited)",
					"@executable_path/Frameworks",
					"@executable_path/../../Frameworks",
				);
				MARKETING_VERSION = 1.0;
				PRODUCT_BUNDLE_IDENTIFIER = "com.omeriadon.PMS-Timetable.PMS-Timetable-Message-Extension";
				PRODUCT_NAME = "$(TARGET_NAME)";
				SKIP_INSTALL = YES;
				STRING_CATALOG_GENERATE_SYMBOLS = YES;
				SUPPORTED_PLATFORMS = "iphoneos iphonesimulator";
				SUPPORTS_MACCATALYST = NO;
				SUPPORTS_MAC_DESIGNED_FOR_IPHONE_IPAD = NO;
				SUPPORTS_XR_DESIGNED_FOR_IPHONE_IPAD = NO;
				SWIFT_APPROACHABLE_CONCURRENCY = YES;
				SWIFT_EMIT_LOC_STRINGS = YES;
				SWIFT_UPCOMING_FEATURE_MEMBER_IMPORT_VISIBILITY = YES;
				SWIFT_VERSION = 5.0;
				TARGETED_DEVICE_FAMILY = 1;
			};
			name = Debug;
		};
		2AAE2F522FA1A00500E050A2 /* Release */ = {
			isa = XCBuildConfiguration;
			buildSettings = {
				APP_GROUP_ID = "$(APP_GROUP_ID)";
				ASSETCATALOG_COMPILER_APPICON_NAME = "iMessage App Icon";
				CODE_SIGN_ENTITLEMENTS = "PMS Timetable Message Extension/PMS Timetable Message Extension.entitlements";
				CODE_SIGN_STYLE = Automatic;
				CURRENT_PROJECT_VERSION = 3;
				DEVELOPMENT_TEAM = P6PV2R9443;
				GENERATE_INFOPLIST_FILE = YES;
				INFOPLIST_FILE = "PMS Timetable Message Extension/Info.plist";
				INFOPLIST_KEY_CFBundleDisplayName = "PMS Timetable Message Extension";
				INFOPLIST_KEY_NSHumanReadableCopyright = "";
				IPHONEOS_DEPLOYMENT_TARGET = 26.0;
				LD_RUNPATH_SEARCH_PATHS = (
					"$(inherited)",
					"@executable_path/Frameworks",
					"@executable_path/../../Frameworks",
				);
				MARKETING_VERSION = 1.0;
				PRODUCT_BUNDLE_IDENTIFIER = "com.omeriadon-release.PMS-Timetable.PMS-Timetable-Message-Extension";
				PRODUCT_NAME = "$(TARGET_NAME)";
				SKIP_INSTALL = YES;
				STRING_CATALOG_GENERATE_SYMBOLS = YES;
				SUPPORTED_PLATFORMS = "iphoneos iphonesimulator";
				SUPPORTS_MACCATALYST = NO;
				SUPPORTS_MAC_DESIGNED_FOR_IPHONE_IPAD = NO;
				SUPPORTS_XR_DESIGNED_FOR_IPHONE_IPAD = NO;
				SWIFT_APPROACHABLE_CONCURRENCY = YES;
				SWIFT_EMIT_LOC_STRINGS = YES;
				SWIFT_UPCOMING_FEATURE_MEMBER_IMPORT_VISIBILITY = YES;
				SWIFT_VERSION = 5.0;
				TARGETED_DEVICE_FAMILY = 1;
			};
			name = Release;
		};
/* End XCBuildConfiguration section */

/* Begin XCConfigurationList section */
		2A0237862F9C8EA000AB1E1F /* Build configuration list for PBXProject "PMS Timetable" */ = {
			isa = XCConfigurationList;
			buildConfigurations = (
				2A0237942F9C8EA100AB1E1F /* Debug */,
				2A0237952F9C8EA100AB1E1F /* Release */,
			);
			defaultConfigurationIsVisible = 0;
			defaultConfigurationName = Release;
		};
		2A0237962F9C8EA100AB1E1F /* Build configuration list for PBXNativeTarget "PMS Timetable" */ = {
			isa = XCConfigurationList;
			buildConfigurations = (
				2A0237972F9C8EA100AB1E1F /* Debug */,
				2A0237982F9C8EA100AB1E1F /* Release */,
			);
			defaultConfigurationIsVisible = 0;
			defaultConfigurationName = Release;
		};
		2A098C912F9DB844002065BE /* Build configuration list for PBXNativeTarget "PMS Timetable Watch Watch App" */ = {
			isa = XCConfigurationList;
			buildConfigurations = (
				2A098C8F2F9DB844002065BE /* Debug */,
				2A098C902F9DB844002065BE /* Release */,
			);
			defaultConfigurationIsVisible = 0;
			defaultConfigurationName = Release;
		};
		2A1DB4292F9ECEC300E5AE7C /* Build configuration list for PBXNativeTarget "PMS Timetable Watch WidgetsExtension" */ = {
			isa = XCConfigurationList;
			buildConfigurations = (
				2A1DB42A2F9ECEC300E5AE7C /* Debug */,
				2A1DB42B2F9ECEC300E5AE7C /* Release */,
			);
			defaultConfigurationIsVisible = 0;
			defaultConfigurationName = Release;
		};
		2AAE2F542FA1A00500E050A2 /* Build configuration list for PBXNativeTarget "PMS Timetable Message Extension" */ = {
			isa = XCConfigurationList;
			buildConfigurations = (
				2AAE2F512FA1A00500E050A2 /* Debug */,
				2AAE2F522FA1A00500E050A2 /* Release */,
			);
			defaultConfigurationIsVisible = 0;
			defaultConfigurationName = Release;
		};
/* End XCConfigurationList section */

/* Begin XCLocalSwiftPackageReference section */
		2A0237AA2F9D9DE800AB1E1F /* XCLocalSwiftPackageReference "../../../Downloads/SFSymbolsPickerForSwiftUI-main" */ = {
			isa = XCLocalSwiftPackageReference;
			relativePath = "../../../Downloads/SFSymbolsPickerForSwiftUI-main";
		};
/* End XCLocalSwiftPackageReference section */

/* Begin XCRemoteSwiftPackageReference section */
		2A0237992F9C907000AB1E1F /* XCRemoteSwiftPackageReference "Defaults" */ = {
			isa = XCRemoteSwiftPackageReference;
			repositoryURL = "https://github.com/sindresorhus/Defaults";
			requirement = {
				kind = upToNextMajorVersion;
				minimumVersion = 9.0.8;
			};
		};
/* End XCRemoteSwiftPackageReference section */

/* Begin XCSwiftPackageProductDependency section */
		2A02379A2F9C907000AB1E1F /* Defaults */ = {
			isa = XCSwiftPackageProductDependency;
			package = 2A0237992F9C907000AB1E1F /* XCRemoteSwiftPackageReference "Defaults" */;
			productName = Defaults;
		};
		2A02379C2F9C907000AB1E1F /* DefaultsMacros */ = {
			isa = XCSwiftPackageProductDependency;
			package = 2A0237992F9C907000AB1E1F /* XCRemoteSwiftPackageReference "Defaults" */;
			productName = DefaultsMacros;
		};
		2A0237AB2F9D9DE800AB1E1F /* SFSymbolsPicker */ = {
			isa = XCSwiftPackageProductDependency;
			productName = SFSymbolsPicker;
		};
		2A1DB40D2F9DE9A300E5AE7C /* Defaults */ = {
			isa = XCSwiftPackageProductDependency;
			package = 2A0237992F9C907000AB1E1F /* XCRemoteSwiftPackageReference "Defaults" */;
			productName = Defaults;
		};
		2A1DB4352F9ED0B500E5AE7C /* Defaults */ = {
			isa = XCSwiftPackageProductDependency;
			package = 2A0237992F9C907000AB1E1F /* XCRemoteSwiftPackageReference "Defaults" */;
			productName = Defaults;
		};
		2AAE301D2FA1A5F100E050A2 /* Defaults */ = {
			isa = XCSwiftPackageProductDependency;
			package = 2A0237992F9C907000AB1E1F /* XCRemoteSwiftPackageReference "Defaults" */;
			productName = Defaults;
		};
/* End XCSwiftPackageProductDependency section */
	};
	rootObject = 2A0237832F9C8EA000AB1E1F /* Project object */;
}
