// !$*UTF8*$!
{
	archiveVersion = 1;
	classes = {
	};
	objectVersion = 110;
	objects = {

/* Begin PBXBuildFile section */
		2A02379B2F9C907000AB1E1F /* Defaults in Frameworks */ = {isa = PBXBuildFile; productRef = 2A02379A2F9C907000AB1E1F /* Defaults */; };
		2A0237AC2F9D9DE800AB1E1F /* SFSymbolsPicker in Frameworks */ = {isa = PBXBuildFile; platformFilter = ios; productRef = 2A0237AB2F9D9DE800AB1E1F /* SFSymbolsPicker */; };
		2A098C8D2F9DB844002065BE /* Watch.app in Embed Watch Content */ = {isa = PBXBuildFile; fileRef = 2A098C832F9DB842002065BE /* Watch.app */; platformFilter = ios; settings = {ATTRIBUTES = (RemoveHeadersOnCopy, ); }; };
		2A1DB40E2F9DE9A300E5AE7C /* Defaults in Frameworks */ = {isa = PBXBuildFile; productRef = 2A1DB40D2F9DE9A300E5AE7C /* Defaults */; };
		2A1DB42D2F9ECEC300E5AE7C /* Watch Widget.appex in Embed Foundation Extensions */ = {isa = PBXBuildFile; fileRef = 2A2586A02FB5D6490030C8CD /* Watch Widget.appex */; settings = {ATTRIBUTES = (RemoveHeadersOnCopy, ); }; };
		2A324C072FF2980C00E6A3D5 /* ColorfulX in Frameworks */ = {isa = PBXBuildFile; productRef = 2A324C062FF2980C00E6A3D5 /* ColorfulX */; };
		2A324C082FF2980C00E6A3D5 /* FocusOnAppear in Frameworks */ = {isa = PBXBuildFile; platformFilter = ios; productRef = 2A324C092FF2980C00E6A3D5 /* FocusOnAppear */; };
		2A3EEF042FF39837005E0D87 /* Sticker in Frameworks */ = {isa = PBXBuildFile; platformFilter = ios; productRef = 2A3EEF032FF39837005E0D87 /* Sticker */; };
		2A43AFA12FE7849E00BBC8BD /* IrregularGradient in Frameworks */ = {isa = PBXBuildFile; productRef = 2A43AFA02FE7849E00BBC8BD /* IrregularGradient */; };
		2A43AFB12FE785E300BBC8BD /* IrregularGradient in Frameworks */ = {isa = PBXBuildFile; productRef = 2A43AFB02FE785E300BBC8BD /* IrregularGradient */; };
		2A43AFB32FE785E700BBC8BD /* IrregularGradient in Frameworks */ = {isa = PBXBuildFile; productRef = 2A43AFB22FE785E700BBC8BD /* IrregularGradient */; };
		2A5F91F12FE650FE007302CF /* IrregularGradient in Frameworks */ = {isa = PBXBuildFile; productRef = 2A5F91F02FE650FE007302CF /* IrregularGradient */; };
		2AA6DF242FDFAC9000BBC70E /* Widget.appex in Embed Foundation Extensions */ = {isa = PBXBuildFile; fileRef = 2AA6DF142FDFAC8F00BBC70E /* Widget.appex */; settings = {ATTRIBUTES = (RemoveHeadersOnCopy, ); }; };
		2AA6DF2C2FDFADAE00BBC70E /* Defaults in Frameworks */ = {isa = PBXBuildFile; productRef = 2AA6DF2B2FDFADAE00BBC70E /* Defaults */; };
		2ABBBA042FF4AD3A00878A9D /* PortalHeaders in Frameworks */ = {isa = PBXBuildFile; platformFilter = ios; productRef = 2ABBBA032FF4AD3A00878A9D /* PortalHeaders */; };
		2ABBBA062FF4AD3A00878A9D /* PortalTransitions in Frameworks */ = {isa = PBXBuildFile; platformFilter = ios; productRef = 2ABBBA052FF4AD3A00878A9D /* PortalTransitions */; };
		2AC5F7ED2FD8435700B813EA /* Defaults in Frameworks */ = {isa = PBXBuildFile; productRef = 2AC5F7EC2FD8435700B813EA /* Defaults */; };
		2ADFCA8F2FF66F1A00B4301E /* WindowOverlay in Frameworks */ = {isa = PBXBuildFile; platformFilter = ios; productRef = 2ADFCA8E2FF66F1A00B4301E /* WindowOverlay */; };
		2AE0586F300B591D00473DBD /* Defaults in Frameworks */ = {isa = PBXBuildFile; productRef = 2A02379A2F9C907000AB1E1F /* Defaults */; };
		2AE0F13B2FE03989002B5D9D /* MaterialView in Frameworks */ = {isa = PBXBuildFile; platformFilters = (macos, ); productRef = 2AE0F13A2FE03989002B5D9D /* MaterialView */; };
		2AF3B0103000000000000010 /* Shared/Platform.swift in Sources */ = {isa = PBXBuildFile; fileRef = 2AF3B00E300000000000000E /* Shared/Platform.swift */; };
		2AF3B0113000000000000011 /* App Shared/Networking/AuthRequestDTOs.swift in Sources */ = {isa = PBXBuildFile; fileRef = 2AF3B00F300000000000000F /* App Shared/Networking/AuthRequestDTOs.swift */; };
		2AF3B0123000000000000012 /* Shared/OnboardingState.swift in Sources */ = {isa = PBXBuildFile; fileRef = 2AF3B0133000000000000013 /* Shared/OnboardingState.swift */; };
		2B0000013000000000000001 /* Timetable Messages.appex in Embed Foundation Extensions */ = {isa = PBXBuildFile; fileRef = 2B0000023000000000000002 /* Timetable Messages.appex */; platformFilter = ios; settings = {ATTRIBUTES = (RemoveHeadersOnCopy, ); }; };
/* End PBXBuildFile section */

/* Begin PBXContainerItemProxy section */
		2A098C8B2F9DB844002065BE /* PBXContainerItemProxy */ = {
			isa = PBXContainerItemProxy;
			containerPortal = 2A0237832F9C8EA000AB1E1F /* Project object */;
			proxyType = 1;
			remoteGlobalIDString = 2A098C822F9DB842002065BE;
			remoteInfo = "Timetable Watch Watch App";
		};
		2A79B3D22FDD34A4000B7E2B /* PBXContainerItemProxy */ = {
			isa = PBXContainerItemProxy;
			containerPortal = 2A0237832F9C8EA000AB1E1F /* Project object */;
			proxyType = 1;
			remoteGlobalIDString = 2A25869F2FB5D6490030C8CD;
			remoteInfo = "Widget Extension";
		};
		2AA6DF222FDFAC9000BBC70E /* PBXContainerItemProxy */ = {
			isa = PBXContainerItemProxy;
			containerPortal = 2A0237832F9C8EA000AB1E1F /* Project object */;
			proxyType = 1;
			remoteGlobalIDString = 2AA6DF132FDFAC8F00BBC70E;
			remoteInfo = WidgetExtension;
		};
		2B0000033000000000000003 /* PBXContainerItemProxy */ = {
			isa = PBXContainerItemProxy;
			containerPortal = 2A0237832F9C8EA000AB1E1F /* Project object */;
			proxyType = 1;
			remoteGlobalIDString = 2B0000043000000000000004;
			remoteInfo = Messages;
		};
/* End PBXContainerItemProxy section */

/* Begin PBXCopyFilesBuildPhase section */
		2A098C8E2F9DB844002065BE /* Embed Watch Content */ = {
			isa = PBXCopyFilesBuildPhase;
			dstPath = "$(CONTENTS_FOLDER_PATH)/Watch";
			dstSubfolder = Product;
			files = (
				2A098C8D2F9DB844002065BE /* Watch.app in Embed Watch Content */,
			);
			name = "Embed Watch Content";
		};
		2A1DB42C2F9ECEC300E5AE7C /* Embed Foundation Extensions */ = {
			isa = PBXCopyFilesBuildPhase;
			dstPath = "";
			dstSubfolder = PlugIns;
			files = (
				2A1DB42D2F9ECEC300E5AE7C /* Watch Widget.appex in Embed Foundation Extensions */,
			);
			name = "Embed Foundation Extensions";
		};
		2A5F92042FE665C0007302CF /* Embed ExtensionKit Extensions */ = {
			isa = PBXCopyFilesBuildPhase;
			dstPath = "$(EXTENSIONS_FOLDER_PATH)";
			dstSubfolder = Product;
			files = (
			);
			name = "Embed ExtensionKit Extensions";
		};
		2A5F92172FE6680B007302CF /* Embed ExtensionKit Extensions */ = {
			isa = PBXCopyFilesBuildPhase;
			dstPath = "$(EXTENSIONS_FOLDER_PATH)";
			dstSubfolder = Product;
			files = (
			);
			name = "Embed ExtensionKit Extensions";
		};
		2AAE2F502FA1A00500E050A2 /* Embed Foundation Extensions */ = {
			isa = PBXCopyFilesBuildPhase;
			dstPath = "";
			dstSubfolder = PlugIns;
			files = (
				2AA6DF242FDFAC9000BBC70E /* Widget.appex in Embed Foundation Extensions */,
				2B0000013000000000000001 /* Timetable Messages.appex in Embed Foundation Extensions */,
			);
			name = "Embed Foundation Extensions";
		};
/* End PBXCopyFilesBuildPhase section */

/* Begin PBXFileReference section */
		2A02378B2F9C8EA000AB1E1F /* Timetable.app */ = {isa = PBXFileReference; explicitFileType = wrapper.application; includeInIndex = 0; path = Timetable.app; sourceTree = BUILT_PRODUCTS_DIR; };
		2A098C832F9DB842002065BE /* Watch.app */ = {isa = PBXFileReference; explicitFileType = wrapper.application; includeInIndex = 0; path = Watch.app; sourceTree = BUILT_PRODUCTS_DIR; };
		2A2586A02FB5D6490030C8CD /* Watch Widget.appex */ = {isa = PBXFileReference; explicitFileType = "wrapper.app-extension"; includeInIndex = 0; path = "Watch Widget.appex"; sourceTree = BUILT_PRODUCTS_DIR; };
		2AA6DF142FDFAC8F00BBC70E /* Widget.appex */ = {isa = PBXFileReference; explicitFileType = "wrapper.app-extension"; includeInIndex = 0; path = Widget.appex; sourceTree = BUILT_PRODUCTS_DIR; };
		2AF3B0073000000000000007 /* TimetableTests.xctest */ = {isa = PBXFileReference; explicitFileType = wrapper.cfbundle; includeInIndex = 0; path = TimetableTests.xctest; sourceTree = BUILT_PRODUCTS_DIR; };
		2AF3B00E300000000000000E /* Shared/Platform.swift */ = {isa = PBXFileReference; lastKnownFileType = sourcecode.swift; path = Shared/Platform.swift; sourceTree = SOURCE_ROOT; };
		2AF3B00F300000000000000F /* App Shared/Networking/AuthRequestDTOs.swift */ = {isa = PBXFileReference; lastKnownFileType = sourcecode.swift; path = "App Shared/Networking/AuthRequestDTOs.swift"; sourceTree = SOURCE_ROOT; };
		2AF3B0133000000000000013 /* Shared/OnboardingState.swift */ = {isa = PBXFileReference; lastKnownFileType = sourcecode.swift; path = Shared/OnboardingState.swift; sourceTree = SOURCE_ROOT; };
		2B0000023000000000000002 /* Timetable Messages.appex */ = {isa = PBXFileReference; explicitFileType = "wrapper.app-extension"; includeInIndex = 0; path = "Timetable Messages.appex"; sourceTree = BUILT_PRODUCTS_DIR; };
/* End PBXFileReference section */

/* Begin PBXFileSystemSynchronizedBuildFileExceptionSet section */
		2A0DF9533001EBD400AA3439 /* Exceptions for "Shared" folder in "Watch Widget" target */ = {
			isa = PBXFileSystemSynchronizedBuildFileExceptionSet;
			membershipExceptions = (
				HapticManager.swift,
			);
			target = 2A25869F2FB5D6490030C8CD /* Watch Widget */;
		};
		2A0DF9543001EBD400AA3439 /* Exceptions for "Shared" folder in "Widget" target */ = {
			isa = PBXFileSystemSynchronizedBuildFileExceptionSet;
			membershipExceptions = (
				HapticManager.swift,
			);
			target = 2AA6DF132FDFAC8F00BBC70E /* Widget */;
		};
		2AA9C7BD2FEE72DC00AD87A8 /* Exceptions for "Widget" folder in "Timetable" target */ = {
			isa = PBXFileSystemSynchronizedBuildFileExceptionSet;
			membershipExceptions = (
				"Widget Shared/FriendsTimeLeft/FriendsTimeLeftView.swift",
				"Widget Shared/FriendsTimeLeft/FriendsTimeLeftWidget.swift",
				"Widget Shared/Live Activity/SchoolDayActivityAttributes.swift",
				"Widget Shared/Live Activity/StaticIrregularGradient.swift",
				"Widget Shared/Widget Shared.swift",
			);
			platformFiltersByRelativePath = {
				"Widget Shared/Live Activity/SchoolDayActivityAttributes.swift" = (ios, );
			};
			target = 2A02378A2F9C8EA000AB1E1F /* Timetable */;
		};
		2AA9C7C22FEE7C5400AD87A8 /* Exceptions for "Widget" folder in "Watch" target */ = {
			isa = PBXFileSystemSynchronizedBuildFileExceptionSet;
			membershipExceptions = (
				"Widget Shared/Widget Shared.swift",
			);
			target = 2A098C822F9DB842002065BE /* Watch */;
		};
		2AC5F7EA2FD842F000B813EA /* Exceptions for "Main" folder in "Timetable" target */ = {
			isa = PBXFileSystemSynchronizedBuildFileExceptionSet;
			platformFiltersByRelativePath = {
				Backend/LiveActivityRegistrationService.swift = (ios, );
				Backend/PhoneWatchSyncBridge.swift = (ios, );
				Tabs/Search/TimetableDetailView.swift = (ios, );
				Tabs/Search/TimetableIdentityView.swift = (ios, );
				Tabs/Search/TimetablePortalIdentityView.swift = (ios, );
				Tabs/Search/TimetableSearchView.swift = (ios, );
				Tabs/Settings/AuthoredTimetablesSettingsView.swift = (ios, );
				Tabs/Settings/ReceivedTimetablesView.swift = (ios, );
				Tabs/VariableBlur.swift = (ios, );
				Views/Onboarding/OnboardingBackground.swift = (ios, );
				Views/Onboarding/OnboardingPage.swift = (ios, );
				Views/Onboarding/OnboardingPageContext.swift = (ios, );
				Views/Onboarding/OnboardingView.swift = (ios, );
				Views/Onboarding/Views/APNsRegistration.swift = (ios, );
				Views/Onboarding/Views/CalendarImport.swift = (ios, );
				Views/Onboarding/Views/CalendarPermission.swift = (ios, );
				Views/Onboarding/Views/Notifications.swift = (ios, );
				Views/Onboarding/Views/SplashView.swift = (ios, );
				Views/Onboarding/Views/Tutorial/FriendsTutorial.swift = (ios, );
				Views/Onboarding/Views/Tutorial/GeneratedSFSymbolShapes.swift = (ios, );
				Views/Onboarding/Views/Tutorial/NotifTutorial.swift = (ios, );
				Views/Onboarding/Views/Tutorial/OnboardingAccount.swift = (ios, );
				Views/Onboarding/Views/Tutorial/OnboardingCompletion.swift = (ios, );
				Views/Onboarding/Views/Tutorial/OnboardingOverview.swift = (ios, );
				Views/Onboarding/Views/Tutorial/SearchTutorial.swift = (ios, );
				Views/Onboarding/Views/Tutorial/ShareTutorial.swift = (ios, );
				Views/Onboarding/Views/Tutorial/TimetableTypesTutorial.swift = (ios, );
				Views/Onboarding/Views/Tutorial/WidgetTutorial.swift = (ios, );
				"Views/Subject Editor/main sheet.swift" = (ios, );
				iOS/LiveActivityDebugView.swift = (ios, );
				macOS/AppDelegate.swift = (macos, );
				macOS/CustomMaterialView.swift = (macos, );
				macOS/StatusBadgeOverlayWindow.swift = (macos, );
			};
			target = 2A02378A2F9C8EA000AB1E1F /* Timetable */;
		};
		2AD85A6F2FE8F219004EAB2B /* Exceptions for "Widget" folder in "Watch Widget" target */ = {
			isa = PBXFileSystemSynchronizedBuildFileExceptionSet;
			membershipExceptions = (
				"Widget Shared/Live Activity/SchoolDayActivityAttributes.swift",
				"Widget Shared/Live Activity/SchoolDayLiveActivityWidget.swift",
				"Widget Shared/Live Activity/StaticIrregularGradient.swift",
				Widget/Assets.xcassets,
				"Widget/Widget Bundle.swift",
				"Widget/Widget-InfoPlist.xcstrings",
			);
			target = 2A25869F2FB5D6490030C8CD /* Watch Widget */;
		};
		2AD85A702FE8F219004EAB2B /* Exceptions for "Widget" folder in "Widget" target */ = {
			isa = PBXFileSystemSynchronizedBuildFileExceptionSet;
			membershipExceptions = (
				"Watch Widget/Assets.xcassets",
				"Watch Widget/Watch Widget Bundle.swift",
				"Watch Widget/Watch Widget-InfoPlist.xcstrings",
			);
			platformFiltersByRelativePath = {
				"Widget Shared/Live Activity/SchoolDayActivityAttributes.swift" = (ios, );
				"Widget Shared/Live Activity/SchoolDayLiveActivityWidget.swift" = (ios, );
			};
			target = 2AA6DF132FDFAC8F00BBC70E /* Widget */;
		};
		2AD85A872FE8F23A004EAB2B /* Exceptions for "Special" folder in "Timetable" target */ = {
			isa = PBXFileSystemSynchronizedBuildFileExceptionSet;
			membershipExceptions = (
				Info/Message.plist,
				"Info/Watch Widget.plist",
				Info/Widget.plist,
			);
			platformFiltersByRelativePath = {
				"/Localized: LaunchScreen.storyboard" = (ios, );
			};
			target = 2A02378A2F9C8EA000AB1E1F /* Timetable */;
		};
		2AD85A882FE8F23A004EAB2B /* Exceptions for "Special" folder in "Watch Widget" target */ = {
			isa = PBXFileSystemSynchronizedBuildFileExceptionSet;
			membershipExceptions = (
				"/Localized: LaunchScreen.storyboard",
				Info/Message.plist,
				"Info/Watch Widget.plist",
				Info/Widget.plist,
			);
			target = 2A25869F2FB5D6490030C8CD /* Watch Widget */;
		};
		2AD85A892FE8F23A004EAB2B /* Exceptions for "Special" folder in "Widget" target */ = {
			isa = PBXFileSystemSynchronizedBuildFileExceptionSet;
			membershipExceptions = (
				"/Localized: LaunchScreen.storyboard",
				Info/Message.plist,
				"Info/Watch Widget.plist",
				Info/Widget.plist,
				Timetable.icon,
			);
			target = 2AA6DF132FDFAC8F00BBC70E /* Widget */;
		};
		2AD85A8B2FE8F23A004EAB2B /* Exceptions for "Special" folder in "Watch" target */ = {
			isa = PBXFileSystemSynchronizedBuildFileExceptionSet;
			membershipExceptions = (
				"/Localized: LaunchScreen.storyboard",
				Info/Message.plist,
				"Info/Watch Widget.plist",
				Info/Widget.plist,
			);
			target = 2A098C822F9DB842002065BE /* Watch */;
		};
		2AF9CBFB2FE6D56C00885431 /* Exceptions for "App Intents" folder in "Watch Widget" target */ = {
			isa = PBXFileSystemSynchronizedBuildFileExceptionSet;
			membershipExceptions = (
				Entities/Spotlight.swift,
			);
			target = 2A25869F2FB5D6490030C8CD /* Watch Widget */;
		};
		2AF9CBFC2FE6D56C00885431 /* Exceptions for "App Intents" folder in "Widget" target */ = {
			isa = PBXFileSystemSynchronizedBuildFileExceptionSet;
			membershipExceptions = (
				Entities/Spotlight.swift,
			);
			target = 2AA6DF132FDFAC8F00BBC70E /* Widget */;
		};
		2AF9CBFE2FE6D56C00885431 /* Exceptions for "App Intents" folder in "Watch" target */ = {
			isa = PBXFileSystemSynchronizedBuildFileExceptionSet;
			membershipExceptions = (
				Entities/Spotlight.swift,
			);
			target = 2A098C822F9DB842002065BE /* Watch */;
		};
		2B00000D300000000000000D /* Exceptions for "Messages" folder in "Messages" target */ = {
			isa = PBXFileSystemSynchronizedBuildFileExceptionSet;
			membershipExceptions = (
				Info.plist,
			);
			target = 2B0000043000000000000004 /* Messages */;
		};
/* End PBXFileSystemSynchronizedBuildFileExceptionSet section */

/* Begin PBXFileSystemSynchronizedRootGroup section */
		2A02379F2F9C908300AB1E1F /* Shared */ = {
			isa = PBXFileSystemSynchronizedRootGroup;
			exceptions = (
				2A0DF9533001EBD400AA3439 /* Exceptions for "Shared" folder in "Watch Widget" target */,
				2A0DF9543001EBD400AA3439 /* Exceptions for "Shared" folder in "Widget" target */,
			);
			path = Shared;
			sourceTree = "<group>";
		};
		2A324AAE2FF0E3A100E6A3D5 /* App Shared */ = {
			isa = PBXFileSystemSynchronizedRootGroup;
			path = "App Shared";
			sourceTree = "<group>";
		};
		2A5F92192FE66817007302CF /* App Intents */ = {
			isa = PBXFileSystemSynchronizedRootGroup;
			exceptions = (
				2AF9CBFB2FE6D56C00885431 /* Exceptions for "App Intents" folder in "Watch Widget" target */,
				2AF9CBFC2FE6D56C00885431 /* Exceptions for "App Intents" folder in "Widget" target */,
				2AF9CBFE2FE6D56C00885431 /* Exceptions for "App Intents" folder in "Watch" target */,
			);
			path = "App Intents";
			sourceTree = "<group>";
		};
		2A60F50B2FD953D1009F4CE8 /* Watch */ = {
			isa = PBXFileSystemSynchronizedRootGroup;
			path = Watch;
			sourceTree = "<group>";
		};
		2AAE62702FD839A7004B3FF4 /* Main */ = {
			isa = PBXFileSystemSynchronizedRootGroup;
			exceptions = (
				2AC5F7EA2FD842F000B813EA /* Exceptions for "Main" folder in "Timetable" target */,
			);
			path = Main;
			sourceTree = "<group>";
		};
		2AD85A4F2FE8F213004EAB2B /* Widget */ = {
			isa = PBXFileSystemSynchronizedRootGroup;
			exceptions = (
				2AA9C7BD2FEE72DC00AD87A8 /* Exceptions for "Widget" folder in "Timetable" target */,
				2AD85A6F2FE8F219004EAB2B /* Exceptions for "Widget" folder in "Watch Widget" target */,
				2AD85A702FE8F219004EAB2B /* Exceptions for "Widget" folder in "Widget" target */,
				2AA9C7C22FEE7C5400AD87A8 /* Exceptions for "Widget" folder in "Watch" target */,
			);
			path = Widget;
			sourceTree = "<group>";
		};
		2AD85A712FE8F239004EAB2B /* Special */ = {
			isa = PBXFileSystemSynchronizedRootGroup;
			exceptions = (
				2AD85A872FE8F23A004EAB2B /* Exceptions for "Special" folder in "Timetable" target */,
				2AD85A882FE8F23A004EAB2B /* Exceptions for "Special" folder in "Watch Widget" target */,
				2AD85A892FE8F23A004EAB2B /* Exceptions for "Special" folder in "Widget" target */,
				2AD85A8B2FE8F23A004EAB2B /* Exceptions for "Special" folder in "Watch" target */,
			);
			path = Special;
			sourceTree = "<group>";
		};
		2AF3B0013000000000000001 /* TimetableTests */ = {
			isa = PBXFileSystemSynchronizedRootGroup;
			path = TimetableTests;
			sourceTree = "<group>";
		};
		2B0000053000000000000005 /* Messages */ = {
			isa = PBXFileSystemSynchronizedRootGroup;
			exceptions = (
				2B00000D300000000000000D /* Exceptions for "Messages" folder in "Messages" target */,
			);
			path = Messages;
			sourceTree = "<group>";
		};
/* End PBXFileSystemSynchronizedRootGroup section */

/* Begin PBXFrameworksBuildPhase section */
		2A0237882F9C8EA000AB1E1F /* Frameworks */ = {
			isa = PBXFrameworksBuildPhase;
			files = (
				2A324C072FF2980C00E6A3D5 /* ColorfulX in Frameworks */,
				2A324C082FF2980C00E6A3D5 /* FocusOnAppear in Frameworks */,
				2A43AFA12FE7849E00BBC8BD /* IrregularGradient in Frameworks */,
				2AE0F13B2FE03989002B5D9D /* MaterialView in Frameworks */,
				2A02379B2F9C907000AB1E1F /* Defaults in Frameworks */,
				2ADFCA8F2FF66F1A00B4301E /* WindowOverlay in Frameworks */,
				2A3EEF042FF39837005E0D87 /* Sticker in Frameworks */,
				2ABBBA042FF4AD3A00878A9D /* PortalHeaders in Frameworks */,
				2ABBBA062FF4AD3A00878A9D /* PortalTransitions in Frameworks */,
				2A0237AC2F9D9DE800AB1E1F /* SFSymbolsPicker in Frameworks */,
			);
		};
		2A098C802F9DB842002065BE /* Frameworks */ = {
			isa = PBXFrameworksBuildPhase;
			files = (
				2A5F91F12FE650FE007302CF /* IrregularGradient in Frameworks */,
				2A1DB40E2F9DE9A300E5AE7C /* Defaults in Frameworks */,
			);
		};
		2A25869D2FB5D6490030C8CD /* Frameworks */ = {
			isa = PBXFrameworksBuildPhase;
			files = (
				2A43AFB32FE785E700BBC8BD /* IrregularGradient in Frameworks */,
				2AC5F7ED2FD8435700B813EA /* Defaults in Frameworks */,
			);
		};
		2AA6DF112FDFAC8F00BBC70E /* Frameworks */ = {
			isa = PBXFrameworksBuildPhase;
			files = (
				2A43AFB12FE785E300BBC8BD /* IrregularGradient in Frameworks */,
				2AA6DF2C2FDFADAE00BBC70E /* Defaults in Frameworks */,
			);
		};
		2AF3B0043000000000000004 /* Frameworks */ = {
			isa = PBXFrameworksBuildPhase;
			files = (
				2AE0586F300B591D00473DBD /* Defaults in Frameworks */,
			);
		};
		2B0000063000000000000006 /* Frameworks */ = {
			isa = PBXFrameworksBuildPhase;
			files = (
			);
		};
/* End PBXFrameworksBuildPhase section */

/* Begin PBXGroup section */
		2A0237822F9C8EA000AB1E1F = {
			isa = PBXGroup;
			children = (
				2B0000053000000000000005 /* Messages */,
				2AD85A712FE8F239004EAB2B /* Special */,
				2A5F92192FE66817007302CF /* App Intents */,
				2A60F50B2FD953D1009F4CE8 /* Watch */,
				2AD85A4F2FE8F213004EAB2B /* Widget */,
				2A02379F2F9C908300AB1E1F /* Shared */,
				2A324AAE2FF0E3A100E6A3D5 /* App Shared */,
				2AAE62702FD839A7004B3FF4 /* Main */,
				2A02378C2F9C8EA000AB1E1F /* Products */,
				2AE05870300B591D00473DBD /* Recovered References */,
			);
			sourceTree = "<group>";
		};
		2A02378C2F9C8EA000AB1E1F /* Products */ = {
			isa = PBXGroup;
			children = (
				2A02378B2F9C8EA000AB1E1F /* Timetable.app */,
				2A098C832F9DB842002065BE /* Watch.app */,
				2A2586A02FB5D6490030C8CD /* Watch Widget.appex */,
				2AA6DF142FDFAC8F00BBC70E /* Widget.appex */,
				2AF3B0073000000000000007 /* TimetableTests.xctest */,
				2B0000023000000000000002 /* Timetable Messages.appex */,
			);
			name = Products;
			sourceTree = "<group>";
		};
		2AE05870300B591D00473DBD /* Recovered References */ = {
			isa = PBXGroup;
			children = (
				2AF3B0013000000000000001 /* TimetableTests */,
				2AF3B00E300000000000000E /* Shared/Platform.swift */,
				2AF3B00F300000000000000F /* App Shared/Networking/AuthRequestDTOs.swift */,
				2AF3B0133000000000000013 /* Shared/OnboardingState.swift */,
			);
			name = "Recovered References";
			sourceTree = "<group>";
		};
/* End PBXGroup section */

/* Begin PBXNativeTarget section */
		2A02378A2F9C8EA000AB1E1F /* Timetable */ = {
			isa = PBXNativeTarget;
			buildConfigurationList = 2A0237962F9C8EA100AB1E1F /* Build configuration list for PBXNativeTarget "Timetable" */;
			buildPhases = (
				2A0237872F9C8EA000AB1E1F /* Sources */,
				2A0237882F9C8EA000AB1E1F /* Frameworks */,
				2A0237892F9C8EA000AB1E1F /* Resources */,
				2A098C8E2F9DB844002065BE /* Embed Watch Content */,
				2AAE2F502FA1A00500E050A2 /* Embed Foundation Extensions */,
				2A5F92042FE665C0007302CF /* Embed ExtensionKit Extensions */,
			);
			buildRules = (
			);
			dependencies = (
				2A098C8C2F9DB844002065BE /* PBXTargetDependency */,
				2AA6DF232FDFAC9000BBC70E /* PBXTargetDependency */,
				2B00000A300000000000000A /* PBXTargetDependency */,
			);
			fileSystemSynchronizedGroups = (
				2A02379F2F9C908300AB1E1F /* Shared */,
				2A324AAE2FF0E3A100E6A3D5 /* App Shared */,
				2A5F92192FE66817007302CF /* App Intents */,
				2AAE62702FD839A7004B3FF4 /* Main */,
				2AD85A712FE8F239004EAB2B /* Special */,
			);
			name = Timetable;
			packageProductDependencies = (
				2A02379A2F9C907000AB1E1F /* Defaults */,
				2A0237AB2F9D9DE800AB1E1F /* SFSymbolsPicker */,
				2AE0F13A2FE03989002B5D9D /* MaterialView */,
				2A43AFA02FE7849E00BBC8BD /* IrregularGradient */,
				2A324C062FF2980C00E6A3D5 /* ColorfulX */,
				2A324C092FF2980C00E6A3D5 /* FocusOnAppear */,
				2A3EEF032FF39837005E0D87 /* Sticker */,
				2ABBBA032FF4AD3A00878A9D /* PortalHeaders */,
				2ABBBA052FF4AD3A00878A9D /* PortalTransitions */,
				2ADFCA8E2FF66F1A00B4301E /* WindowOverlay */,
			);
			productName = Timetable;
			productReference = 2A02378B2F9C8EA000AB1E1F /* Timetable.app */;
			productType = "com.apple.product-type.application";
		};
		2A098C822F9DB842002065BE /* Watch */ = {
			isa = PBXNativeTarget;
			buildConfigurationList = 2A098C912F9DB844002065BE /* Build configuration list for PBXNativeTarget "Watch" */;
			buildPhases = (
				2A098C7F2F9DB842002065BE /* Sources */,
				2A098C802F9DB842002065BE /* Frameworks */,
				2A098C812F9DB842002065BE /* Resources */,
				2A1DB42C2F9ECEC300E5AE7C /* Embed Foundation Extensions */,
				2A5F92172FE6680B007302CF /* Embed ExtensionKit Extensions */,
			);
			buildRules = (
			);
			dependencies = (
				2A79B3D32FDD34A4000B7E2B /* PBXTargetDependency */,
			);
			fileSystemSynchronizedGroups = (
				2A02379F2F9C908300AB1E1F /* Shared */,
				2A324AAE2FF0E3A100E6A3D5 /* App Shared */,
				2A5F92192FE66817007302CF /* App Intents */,
				2A60F50B2FD953D1009F4CE8 /* Watch */,
				2AD85A712FE8F239004EAB2B /* Special */,
			);
			name = Watch;
			packageProductDependencies = (
				2A1DB40D2F9DE9A300E5AE7C /* Defaults */,
				2A5F91F02FE650FE007302CF /* IrregularGradient */,
			);
			productName = "Timetable Watch Watch App";
			productReference = 2A098C832F9DB842002065BE /* Watch.app */;
			productType = "com.apple.product-type.application";
		};
		2A25869F2FB5D6490030C8CD /* Watch Widget */ = {
			isa = PBXNativeTarget;
			buildConfigurationList = 2A2586B02FB5D64B0030C8CD /* Build configuration list for PBXNativeTarget "Watch Widget" */;
			buildPhases = (
				2A25869C2FB5D6490030C8CD /* Sources */,
				2A25869D2FB5D6490030C8CD /* Frameworks */,
				2A25869E2FB5D6490030C8CD /* Resources */,
			);
			buildRules = (
			);
			fileSystemSynchronizedGroups = (
				2A02379F2F9C908300AB1E1F /* Shared */,
				2A5F92192FE66817007302CF /* App Intents */,
				2AD85A4F2FE8F213004EAB2B /* Widget */,
				2AD85A712FE8F239004EAB2B /* Special */,
			);
			name = "Watch Widget";
			packageProductDependencies = (
				2AC5F7EC2FD8435700B813EA /* Defaults */,
				2A43AFB22FE785E700BBC8BD /* IrregularGradient */,
			);
			productName = "iPhone Widget ExtensionExtension";
			productReference = 2A2586A02FB5D6490030C8CD /* Watch Widget.appex */;
			productType = "com.apple.product-type.app-extension";
		};
		2AA6DF132FDFAC8F00BBC70E /* Widget */ = {
			isa = PBXNativeTarget;
			buildConfigurationList = 2AA6DF252FDFAC9000BBC70E /* Build configuration list for PBXNativeTarget "Widget" */;
			buildPhases = (
				2AA6DF102FDFAC8F00BBC70E /* Sources */,
				2AA6DF112FDFAC8F00BBC70E /* Frameworks */,
				2AA6DF122FDFAC8F00BBC70E /* Resources */,
			);
			buildRules = (
			);
			fileSystemSynchronizedGroups = (
				2A02379F2F9C908300AB1E1F /* Shared */,
				2A5F92192FE66817007302CF /* App Intents */,
				2AD85A4F2FE8F213004EAB2B /* Widget */,
				2AD85A712FE8F239004EAB2B /* Special */,
			);
			name = Widget;
			packageProductDependencies = (
				2AA6DF2B2FDFADAE00BBC70E /* Defaults */,
				2A43AFB02FE785E300BBC8BD /* IrregularGradient */,
			);
			productName = WidgetExtension;
			productReference = 2AA6DF142FDFAC8F00BBC70E /* Widget.appex */;
			productType = "com.apple.product-type.app-extension";
		};
		2AF3B0023000000000000002 /* TimetableTests */ = {
			isa = PBXNativeTarget;
			buildConfigurationList = 2AF3B00A300000000000000A /* Build configuration list for PBXNativeTarget "TimetableTests" */;
			buildPhases = (
				2AF3B0033000000000000003 /* Sources */,
				2AF3B0043000000000000004 /* Frameworks */,
				2AF3B0053000000000000005 /* Resources */,
			);
			buildRules = (
			);
			fileSystemSynchronizedGroups = (
				2AF3B0013000000000000001 /* TimetableTests */,
			);
			name = TimetableTests;
			packageProductDependencies = (
				2A02379A2F9C907000AB1E1F /* Defaults */,
			);
			productName = TimetableTests;
			productReference = 2AF3B0073000000000000007 /* TimetableTests.xctest */;
			productType = "com.apple.product-type.bundle.unit-test";
		};
		2B0000043000000000000004 /* Messages */ = {
			isa = PBXNativeTarget;
			buildConfigurationList = 2B0000073000000000000007 /* Build configuration list for PBXNativeTarget "Messages" */;
			buildPhases = (
				2B0000083000000000000008 /* Sources */,
				2B0000063000000000000006 /* Frameworks */,
				2B0000093000000000000009 /* Resources */,
			);
			buildRules = (
			);
			fileSystemSynchronizedGroups = (
				2B0000053000000000000005 /* Messages */,
			);
			name = Messages;
			productName = Messages;
			productReference = 2B0000023000000000000002 /* Timetable Messages.appex */;
			productType = "com.apple.product-type.app-extension.messages";
		};
/* End PBXNativeTarget section */

/* Begin PBXProject section */
		2A0237832F9C8EA000AB1E1F /* Project object */ = {
			isa = PBXProject;
			attributes = {
				2AF3B0023000000000000002 = {
					CreatedOnToolsVersion = 27.0;
				};
				BuildIndependentTargetsInParallel = 1;
				LastSwiftUpdateCheck = 2700;
				LastUpgradeCheck = 2700;
				TargetAttributes = {
					2A02378A2F9C8EA000AB1E1F = {
						CreatedOnToolsVersion = 26.5;
					};
					2A098C822F9DB842002065BE = {
						CreatedOnToolsVersion = 26.5;
					};
					2A25869F2FB5D6490030C8CD = {
						CreatedOnToolsVersion = 26.5;
					};
					2AA6DF132FDFAC8F00BBC70E = {
						CreatedOnToolsVersion = 27.0;
					};
					2B0000043000000000000004 = {
						CreatedOnToolsVersion = 27.0;
					};
				};
			};
			buildConfigurationList = 2A0237862F9C8EA000AB1E1F /* Build configuration list for PBXProject "Timetable" */;
			developmentRegion = en;
			hasScannedForEncodings = 0;
			knownRegions = (
				en,
				Base,
				it,
				fr,
			);
			mainGroup = 2A0237822F9C8EA000AB1E1F;
			minimizedProjectReferenceProxies = 1;
			packageReferences = (
				2A0237992F9C907000AB1E1F /* XCRemoteSwiftPackageReference "Defaults" */,
				2A0237AA2F9D9DE800AB1E1F /* XCLocalSwiftPackageReference "../../../Downloads/SFSymbolsPickerForSwiftUI-main" */,
				2AE0F1392FE03989002B5D9D /* XCRemoteSwiftPackageReference "MaterialView" */,
				2A5F91EF2FE650FE007302CF /* XCRemoteSwiftPackageReference "IrregularGradient" */,
				2A324C052FF2980C00E6A3D5 /* XCRemoteSwiftPackageReference "ColorfulX" */,
				2A324C0A2FF2980C00E6A3D5 /* XCRemoteSwiftPackageReference "FocusOnAppear" */,
				2A3EEF022FF39837005E0D87 /* XCRemoteSwiftPackageReference "sticker" */,
				2ABBBA022FF4AD3A00878A9D /* XCRemoteSwiftPackageReference "Portal" */,
				2ADFCA8D2FF66F1A00B4301E /* XCLocalSwiftPackageReference "../../../Downloads/swiftui-window-overlay-main" */,
			);
			preferredProjectObjectVersion = 110;
			productRefGroup = 2A02378C2F9C8EA000AB1E1F /* Products */;
			projectDirPath = "";
			projectRoot = "";
			targets = (
				2A02378A2F9C8EA000AB1E1F /* Timetable */,
				2A25869F2FB5D6490030C8CD /* Watch Widget */,
				2AA6DF132FDFAC8F00BBC70E /* Widget */,
				2A098C822F9DB842002065BE /* Watch */,
				2AF3B0023000000000000002 /* TimetableTests */,
				2B0000043000000000000004 /* Messages */,
			);
		};
/* End PBXProject section */

/* Begin PBXResourcesBuildPhase section */
		2A0237892F9C8EA000AB1E1F /* Resources */ = {
			isa = PBXResourcesBuildPhase;
			files = (
			);
		};
		2A098C812F9DB842002065BE /* Resources */ = {
			isa = PBXResourcesBuildPhase;
			files = (
			);
		};
		2A25869E2FB5D6490030C8CD /* Resources */ = {
			isa = PBXResourcesBuildPhase;
			files = (
			);
		};
		2AA6DF122FDFAC8F00BBC70E /* Resources */ = {
			isa = PBXResourcesBuildPhase;
			files = (
			);
		};
		2AF3B0053000000000000005 /* Resources */ = {
			isa = PBXResourcesBuildPhase;
			files = (
			);
		};
		2B0000093000000000000009 /* Resources */ = {
			isa = PBXResourcesBuildPhase;
			files = (
			);
		};
/* End PBXResourcesBuildPhase section */

/* Begin PBXSourcesBuildPhase section */
		2A0237872F9C8EA000AB1E1F /* Sources */ = {
			isa = PBXSourcesBuildPhase;
			files = (
			);
		};
		2A098C7F2F9DB842002065BE /* Sources */ = {
			isa = PBXSourcesBuildPhase;
			files = (
			);
		};
		2A25869C2FB5D6490030C8CD /* Sources */ = {
			isa = PBXSourcesBuildPhase;
			files = (
			);
		};
		2AA6DF102FDFAC8F00BBC70E /* Sources */ = {
			isa = PBXSourcesBuildPhase;
			files = (
			);
		};
		2AF3B0033000000000000003 /* Sources */ = {
			isa = PBXSourcesBuildPhase;
			files = (
				2AF3B0103000000000000010 /* Shared/Platform.swift in Sources */,
				2AF3B0113000000000000011 /* App Shared/Networking/AuthRequestDTOs.swift in Sources */,
				2AF3B0123000000000000012 /* Shared/OnboardingState.swift in Sources */,
			);
		};
		2B0000083000000000000008 /* Sources */ = {
			isa = PBXSourcesBuildPhase;
			files = (
			);
		};
/* End PBXSourcesBuildPhase section */

/* Begin PBXTargetDependency section */
		2A098C8C2F9DB844002065BE /* PBXTargetDependency */ = {
			isa = PBXTargetDependency;
			platformFilter = ios;
			target = 2A098C822F9DB842002065BE /* Watch */;
			targetProxy = 2A098C8B2F9DB844002065BE /* PBXContainerItemProxy */;
		};
		2A79B3D32FDD34A4000B7E2B /* PBXTargetDependency */ = {
			isa = PBXTargetDependency;
			target = 2A25869F2FB5D6490030C8CD /* Watch Widget */;
			targetProxy = 2A79B3D22FDD34A4000B7E2B /* PBXContainerItemProxy */;
		};
		2AA6DF232FDFAC9000BBC70E /* PBXTargetDependency */ = {
			isa = PBXTargetDependency;
			target = 2AA6DF132FDFAC8F00BBC70E /* Widget */;
			targetProxy = 2AA6DF222FDFAC9000BBC70E /* PBXContainerItemProxy */;
		};
		2B00000A300000000000000A /* PBXTargetDependency */ = {
			isa = PBXTargetDependency;
			platformFilter = ios;
			target = 2B0000043000000000000004 /* Messages */;
			targetProxy = 2B0000033000000000000003 /* PBXContainerItemProxy */;
		};
/* End PBXTargetDependency section */

/* Begin XCBuildConfiguration section */
		2A0237942F9C8EA100AB1E1F /* Debug configuration for PBXProject "Timetable" */ = {
			isa = XCBuildConfiguration;
			buildSettings = {
				ALLOW_TARGET_PLATFORM_SPECIALIZATION = YES;
				ALWAYS_SEARCH_USER_PATHS = NO;
				ASSETCATALOG_COMPILER_GENERATE_SWIFT_ASSET_SYMBOL_EXTENSIONS = YES;
				CLANG_ANALYZER_NONNULL = YES;
				CLANG_ANALYZER_NUMBER_OBJECT_CONVERSION = YES_AGGRESSIVE;
				CLANG_CXX_LANGUAGE_STANDARD = "gnu++20";
				CLANG_ENABLE_MODULES = YES;
				CLANG_ENABLE_OBJC_ARC = YES;
				CLANG_ENABLE_OBJC_WEAK = YES;
				CLANG_WARN_BLOCK_CAPTURE_AUTORELEASING = YES;
				CLANG_WARN_BOOL_CONVERSION = YES;
				CLANG_WARN_COMMA = YES;
				CLANG_WARN_CONSTANT_CONVERSION = YES;
				CLANG_WARN_DEPRECATED_OBJC_IMPLEMENTATIONS = YES;
				CLANG_WARN_DIRECT_OBJC_ISA_USAGE = YES_ERROR;
				CLANG_WARN_DOCUMENTATION_COMMENTS = YES;
				CLANG_WARN_EMPTY_BODY = YES;
				CLANG_WARN_ENUM_CONVERSION = YES;
				CLANG_WARN_INFINITE_RECURSION = YES;
				CLANG_WARN_INT_CONVERSION = YES;
				CLANG_WARN_NON_LITERAL_NULL_CONVERSION = YES;
				CLANG_WARN_OBJC_IMPLICIT_RETAIN_SELF = YES;
				CLANG_WARN_OBJC_LITERAL_CONVERSION = YES;
				CLANG_WARN_OBJC_ROOT_CLASS = YES_ERROR;
				CLANG_WARN_QUOTED_INCLUDE_IN_FRAMEWORK_HEADER = YES;
				CLANG_WARN_RANGE_LOOP_ANALYSIS = YES;
				CLANG_WARN_STRICT_PROTOTYPES = YES;
				CLANG_WARN_SUSPICIOUS_MOVE = YES;
				CLANG_WARN_UNGUARDED_AVAILABILITY = YES_AGGRESSIVE;
				CLANG_WARN_UNREACHABLE_CODE = YES;
				CLANG_WARN__DUPLICATE_METHOD_MATCH = YES;
				COPY_PHASE_STRIP = NO;
				DEBUG_INFORMATION_FORMAT = dwarf;
				DEVELOPMENT_TEAM = P6PV2R9443;
				ENABLE_STRICT_OBJC_MSGSEND = YES;
				ENABLE_TESTABILITY = YES;
				ENABLE_USER_SCRIPT_SANDBOXING = YES;
				GCC_C_LANGUAGE_STANDARD = gnu17;
				GCC_DYNAMIC_NO_PIC = NO;
				GCC_NO_COMMON_BLOCKS = YES;
				GCC_OPTIMIZATION_LEVEL = 0;
				GCC_PREPROCESSOR_DEFINITIONS = (
					"DEBUG=1",
					"$(inherited)",
				);
				GCC_WARN_64_TO_32_BIT_CONVERSION = YES;
				GCC_WARN_ABOUT_RETURN_TYPE = YES_ERROR;
				GCC_WARN_UNDECLARED_SELECTOR = YES;
				GCC_WARN_UNINITIALIZED_AUTOS = YES_AGGRESSIVE;
				GCC_WARN_UNUSED_FUNCTION = YES;
				GCC_WARN_UNUSED_VARIABLE = YES;
				INFOPLIST_KEY_LSApplicationCategoryType = "public.app-category.utilities";
				IPHONEOS_DEPLOYMENT_TARGET = 26.0;
				LOCALIZATION_PREFERS_STRING_CATALOGS = YES;
				MTL_ENABLE_DEBUG_INFO = INCLUDE_SOURCE;
				MTL_FAST_MATH = YES;
				ONLY_ACTIVE_ARCH = YES;
				SDKROOT = iphoneos;
				STRING_CATALOG_GENERATE_SYMBOLS = YES;
				SWIFT_ACTIVE_COMPILATION_CONDITIONS = "DEBUG $(inherited)";
				SWIFT_EMIT_LOC_STRINGS = YES;
				SWIFT_OPTIMIZATION_LEVEL = "-Onone";
			};
			name = Debug;
		};
		2A0237952F9C8EA100AB1E1F /* Release configuration for PBXProject "Timetable" */ = {
			isa = XCBuildConfiguration;
			buildSettings = {
				ALLOW_TARGET_PLATFORM_SPECIALIZATION = YES;
				ALWAYS_SEARCH_USER_PATHS = NO;
				ASSETCATALOG_COMPILER_GENERATE_SWIFT_ASSET_SYMBOL_EXTENSIONS = YES;
				CLANG_ANALYZER_NONNULL = YES;
				CLANG_ANALYZER_NUMBER_OBJECT_CONVERSION = YES_AGGRESSIVE;
				CLANG_CXX_LANGUAGE_STANDARD = "gnu++20";
				CLANG_ENABLE_MODULES = YES;
				CLANG_ENABLE_OBJC_ARC = YES;
				CLANG_ENABLE_OBJC_WEAK = YES;
				CLANG_WARN_BLOCK_CAPTURE_AUTORELEASING = YES;
				CLANG_WARN_BOOL_CONVERSION = YES;
				CLANG_WARN_COMMA = YES;
				CLANG_WARN_CONSTANT_CONVERSION = YES;
				CLANG_WARN_DEPRECATED_OBJC_IMPLEMENTATIONS = YES;
				CLANG_WARN_DIRECT_OBJC_ISA_USAGE = YES_ERROR;
				CLANG_WARN_DOCUMENTATION_COMMENTS = YES;
				CLANG_WARN_EMPTY_BODY = YES;
				CLANG_WARN_ENUM_CONVERSION = YES;
				CLANG_WARN_INFINITE_RECURSION = YES;
				CLANG_WARN_INT_CONVERSION = YES;
				CLANG_WARN_NON_LITERAL_NULL_CONVERSION = YES;
				CLANG_WARN_OBJC_IMPLICIT_RETAIN_SELF = YES;
				CLANG_WARN_OBJC_LITERAL_CONVERSION = YES;
				CLANG_WARN_OBJC_ROOT_CLASS = YES_ERROR;
				CLANG_WARN_QUOTED_INCLUDE_IN_FRAMEWORK_HEADER = YES;
				CLANG_WARN_RANGE_LOOP_ANALYSIS = YES;
				CLANG_WARN_STRICT_PROTOTYPES = YES;
				CLANG_WARN_SUSPICIOUS_MOVE = YES;
				CLANG_WARN_UNGUARDED_AVAILABILITY = YES_AGGRESSIVE;
				CLANG_WARN_UNREACHABLE_CODE = YES;
				CLANG_WARN__DUPLICATE_METHOD_MATCH = YES;
				COPY_PHASE_STRIP = NO;
				DEBUG_INFORMATION_FORMAT = "dwarf-with-dsym";
				DEVELOPMENT_TEAM = P6PV2R9443;
				ENABLE_NS_ASSERTIONS = NO;
				ENABLE_STRICT_OBJC_MSGSEND = YES;
				ENABLE_USER_SCRIPT_SANDBOXING = YES;
				GCC_C_LANGUAGE_STANDARD = gnu17;
				GCC_NO_COMMON_BLOCKS = YES;
				GCC_WARN_64_TO_32_BIT_CONVERSION = YES;
				GCC_WARN_ABOUT_RETURN_TYPE = YES_ERROR;
				GCC_WARN_UNDECLARED_SELECTOR = YES;
				GCC_WARN_UNINITIALIZED_AUTOS = YES_AGGRESSIVE;
				GCC_WARN_UNUSED_FUNCTION = YES;
				GCC_WARN_UNUSED_VARIABLE = YES;
				INFOPLIST_KEY_LSApplicationCategoryType = "public.app-category.utilities";
				IPHONEOS_DEPLOYMENT_TARGET = 26.0;
				LOCALIZATION_PREFERS_STRING_CATALOGS = YES;
				MTL_ENABLE_DEBUG_INFO = NO;
				MTL_FAST_MATH = YES;
				SDKROOT = iphoneos;
				STRING_CATALOG_GENERATE_SYMBOLS = YES;
				SWIFT_COMPILATION_MODE = wholemodule;
				SWIFT_EMIT_LOC_STRINGS = YES;
				VALIDATE_PRODUCT = YES;
			};
			name = Release;
		};
		2A0237972F9C8EA100AB1E1F /* Debug configuration for PBXNativeTarget "Timetable" */ = {
			isa = XCBuildConfiguration;
			buildSettings = {
				ASSETCATALOG_COMPILER_APPICON_NAME = TimetableDebug;
				ASSETCATALOG_COMPILER_GLOBAL_ACCENT_COLOR_NAME = AccentColor;
				ASSETCATALOG_COMPILER_INCLUDE_ALL_APPICON_ASSETS = YES;
				AUTOMATION_APPLE_EVENTS = NO;
				CODE_SIGN_ENTITLEMENTS = Special/Entitlements/Timetable.entitlements;
				CODE_SIGN_IDENTITY = "Apple Development";
				CODE_SIGN_STYLE = Automatic;
				CURRENT_PROJECT_VERSION = 1;
				DEVELOPMENT_TEAM = P6PV2R9443;
				ENABLE_APP_SANDBOX = YES;
				ENABLE_HARDENED_RUNTIME = NO;
				ENABLE_INCOMING_NETWORK_CONNECTIONS = NO;
				ENABLE_OUTGOING_NETWORK_CONNECTIONS = NO;
				ENABLE_PREVIEWS = YES;
				ENABLE_RESOURCE_ACCESS_AUDIO_INPUT = NO;
				ENABLE_RESOURCE_ACCESS_BLUETOOTH = NO;
				ENABLE_RESOURCE_ACCESS_CALENDARS = YES;
				ENABLE_RESOURCE_ACCESS_CAMERA = NO;
				ENABLE_RESOURCE_ACCESS_CONTACTS = NO;
				ENABLE_RESOURCE_ACCESS_LOCATION = NO;
				ENABLE_RESOURCE_ACCESS_PHOTO_LIBRARY = NO;
				ENABLE_RESOURCE_ACCESS_PRINTING = NO;
				ENABLE_RESOURCE_ACCESS_USB = NO;
				GENERATE_INFOPLIST_FILE = YES;
				INFOPLIST_KEY_CFBundleDisplayName = Timetable;
				INFOPLIST_KEY_CFBundleURLTypes = "<array><dict><key>CFBundleTypeRole</key><string>Editor</string><key>CFBundleURLName</key><string>com.omeriadon.Timetable</string><key>CFBundleURLSchemes</key><array><string>timetable</string></array></dict></array>";
				INFOPLIST_KEY_LSApplicationCategoryType = "public.app-category.utilities";
				INFOPLIST_KEY_NSCalendarsFullAccessUsageDescription = "Timetable needs to read your calendar to pull Compass Events from your schedule.";
				INFOPLIST_KEY_NSSupportsLiveActivities = YES;
				INFOPLIST_KEY_NSSupportsLiveActivitiesFrequentUpdates = YES;
				"INFOPLIST_KEY_UILaunchStoryboardName[sdk=iphoneos*]" = LaunchScreen;
				INFOPLIST_KEY_UIStatusBarStyle = UIStatusBarStyleDarkContent;
				INFOPLIST_KEY_UISupportedInterfaceOrientations = "UIInterfaceOrientationLandscapeLeft UIInterfaceOrientationLandscapeRight UIInterfaceOrientationPortrait UIInterfaceOrientationPortraitUpsideDown";
				"INFOPLIST_KEY_UISupportedInterfaceOrientations~ipad" = "UIInterfaceOrientationLandscapeLeft UIInterfaceOrientationLandscapeRight";
				IPHONEOS_DEPLOYMENT_TARGET = 26.0;
				LD_RUNPATH_SEARCH_PATHS = (
					"$(inherited)",
					"@executable_path/Frameworks",
				);
				MACOSX_DEPLOYMENT_TARGET = 26.0;
				MARKETING_VERSION = 2.0.1;
				PRODUCT_BUNDLE_IDENTIFIER = com.omeriadon.Timetable;
				PRODUCT_NAME = "$(TARGET_NAME)";
				PROVISIONING_PROFILE_SPECIFIER = "";
				REGISTER_APP_GROUPS = YES;
				RUNTIME_EXCEPTION_ALLOW_DYLD_ENVIRONMENT_VARIABLES = NO;
				RUNTIME_EXCEPTION_ALLOW_JIT = NO;
				RUNTIME_EXCEPTION_ALLOW_UNSIGNED_EXECUTABLE_MEMORY = NO;
				RUNTIME_EXCEPTION_DEBUGGING_TOOL = NO;
				RUNTIME_EXCEPTION_DISABLE_EXECUTABLE_PAGE_PROTECTION = NO;
				RUNTIME_EXCEPTION_DISABLE_LIBRARY_VALIDATION = NO;
				STRING_CATALOG_GENERATE_SYMBOLS = YES;
				SUPPORTED_PLATFORMS = "iphoneos iphonesimulator macosx";
				SUPPORTS_MACCATALYST = NO;
				SUPPORTS_MAC_DESIGNED_FOR_IPHONE_IPAD = NO;
				SUPPORTS_XR_DESIGNED_FOR_IPHONE_IPAD = YES;
				SWIFT_APPROACHABLE_CONCURRENCY = YES;
				SWIFT_DEFAULT_ACTOR_ISOLATION = MainActor;
				SWIFT_EMIT_LOC_STRINGS = YES;
				SWIFT_UPCOMING_FEATURE_MEMBER_IMPORT_VISIBILITY = YES;
				SWIFT_VERSION = 5.0;
				TARGETED_DEVICE_FAMILY = "1,2";
				XROS_DEPLOYMENT_TARGET = 26.0;
			};
			name = Debug;
		};
		2A0237982F9C8EA100AB1E1F /* Release configuration for PBXNativeTarget "Timetable" */ = {
			isa = XCBuildConfiguration;
			buildSettings = {
				ASSETCATALOG_COMPILER_APPICON_NAME = Timetable;
				ASSETCATALOG_COMPILER_GLOBAL_ACCENT_COLOR_NAME = AccentColor;
				ASSETCATALOG_COMPILER_INCLUDE_ALL_APPICON_ASSETS = YES;
				AUTOMATION_APPLE_EVENTS = NO;
				CODE_SIGN_ENTITLEMENTS = Special/Entitlements/Timetable.entitlements;
				CODE_SIGN_IDENTITY = "Apple Development";
				CODE_SIGN_STYLE = Automatic;
				CURRENT_PROJECT_VERSION = 1;
				DEVELOPMENT_TEAM = P6PV2R9443;
				ENABLE_APP_SANDBOX = YES;
				ENABLE_HARDENED_RUNTIME = NO;
				ENABLE_INCOMING_NETWORK_CONNECTIONS = NO;
				ENABLE_OUTGOING_NETWORK_CONNECTIONS = NO;
				ENABLE_PREVIEWS = YES;
				ENABLE_RESOURCE_ACCESS_AUDIO_INPUT = NO;
				ENABLE_RESOURCE_ACCESS_BLUETOOTH = NO;
				ENABLE_RESOURCE_ACCESS_CALENDARS = YES;
				ENABLE_RESOURCE_ACCESS_CAMERA = NO;
				ENABLE_RESOURCE_ACCESS_CONTACTS = NO;
				ENABLE_RESOURCE_ACCESS_LOCATION = NO;
				ENABLE_RESOURCE_ACCESS_PHOTO_LIBRARY = NO;
				ENABLE_RESOURCE_ACCESS_PRINTING = NO;
				ENABLE_RESOURCE_ACCESS_USB = NO;
				GENERATE_INFOPLIST_FILE = YES;
				INFOPLIST_KEY_CFBundleDisplayName = Timetable;
				INFOPLIST_KEY_CFBundleURLTypes = "<array><dict><key>CFBundleTypeRole</key><string>Editor</string><key>CFBundleURLName</key><string>com.omeriadon.Timetable</string><key>CFBundleURLSchemes</key><array><string>timetable</string></array></dict></array>";
				INFOPLIST_KEY_LSApplicationCategoryType = "public.app-category.utilities";
				INFOPLIST_KEY_NSCalendarsFullAccessUsageDescription = "Timetable needs to read your calendar to pull Compass Events from your schedule.";
				INFOPLIST_KEY_NSSupportsLiveActivities = YES;
				INFOPLIST_KEY_NSSupportsLiveActivitiesFrequentUpdates = YES;
				"INFOPLIST_KEY_UILaunchStoryboardName[sdk=iphoneos*]" = LaunchScreen;
				INFOPLIST_KEY_UIStatusBarStyle = UIStatusBarStyleDarkContent;
				INFOPLIST_KEY_UISupportedInterfaceOrientations = "UIInterfaceOrientationLandscapeLeft UIInterfaceOrientationLandscapeRight UIInterfaceOrientationPortrait UIInterfaceOrientationPortraitUpsideDown";
				"INFOPLIST_KEY_UISupportedInterfaceOrientations~ipad" = "UIInterfaceOrientationLandscapeLeft UIInterfaceOrientationLandscapeRight";
				IPHONEOS_DEPLOYMENT_TARGET = 26.0;
				LD_RUNPATH_SEARCH_PATHS = (
					"$(inherited)",
					"@executable_path/Frameworks",
				);
				MACOSX_DEPLOYMENT_TARGET = 26.0;
				MARKETING_VERSION = 2.0.1;
				PRODUCT_BUNDLE_IDENTIFIER = com.omeriadon.Timetable;
				PRODUCT_NAME = "$(TARGET_NAME)";
				PROVISIONING_PROFILE_SPECIFIER = "";
				REGISTER_APP_GROUPS = YES;
				RUNTIME_EXCEPTION_ALLOW_DYLD_ENVIRONMENT_VARIABLES = NO;
				RUNTIME_EXCEPTION_ALLOW_JIT = NO;
				RUNTIME_EXCEPTION_ALLOW_UNSIGNED_EXECUTABLE_MEMORY = NO;
				RUNTIME_EXCEPTION_DEBUGGING_TOOL = NO;
				RUNTIME_EXCEPTION_DISABLE_EXECUTABLE_PAGE_PROTECTION = NO;
				RUNTIME_EXCEPTION_DISABLE_LIBRARY_VALIDATION = NO;
				STRING_CATALOG_GENERATE_SYMBOLS = YES;
				SUPPORTED_PLATFORMS = "iphoneos iphonesimulator macosx";
				SUPPORTS_MACCATALYST = NO;
				SUPPORTS_MAC_DESIGNED_FOR_IPHONE_IPAD = NO;
				SUPPORTS_XR_DESIGNED_FOR_IPHONE_IPAD = YES;
				SWIFT_APPROACHABLE_CONCURRENCY = YES;
				SWIFT_DEFAULT_ACTOR_ISOLATION = MainActor;
				SWIFT_EMIT_LOC_STRINGS = YES;
				SWIFT_UPCOMING_FEATURE_MEMBER_IMPORT_VISIBILITY = YES;
				SWIFT_VERSION = 5.0;
				TARGETED_DEVICE_FAMILY = "1,2";
				XROS_DEPLOYMENT_TARGET = 26.0;
			};
			name = Release;
		};
		2A098C8F2F9DB844002065BE /* Debug configuration for PBXNativeTarget "Watch" */ = {
			isa = XCBuildConfiguration;
			buildSettings = {
				ASSETCATALOG_COMPILER_APPICON_NAME = Timetable;
				ASSETCATALOG_COMPILER_GLOBAL_ACCENT_COLOR_NAME = AccentColor;
				ASSETCATALOG_COMPILER_INCLUDE_ALL_APPICON_ASSETS = YES;
				CODE_SIGN_ENTITLEMENTS = Special/Entitlements/Watch.entitlements;
				CODE_SIGN_STYLE = Automatic;
				CURRENT_PROJECT_VERSION = 1;
				DEVELOPMENT_TEAM = P6PV2R9443;
				ENABLE_PREVIEWS = YES;
				GENERATE_INFOPLIST_FILE = YES;
				INFOPLIST_KEY_CFBundleDisplayName = Timetable;
				INFOPLIST_KEY_UISupportedInterfaceOrientations = "UIInterfaceOrientationPortrait UIInterfaceOrientationPortraitUpsideDown";
				INFOPLIST_KEY_WKCompanionAppBundleIdentifier = com.omeriadon.Timetable;
				INFOPLIST_KEY_WKRunsIndependentlyOfCompanionApp = YES;
				LD_RUNPATH_SEARCH_PATHS = (
					"$(inherited)",
					"@executable_path/Frameworks",
				);
				MARKETING_VERSION = 2.0.1;
				PRODUCT_BUNDLE_IDENTIFIER = com.omeriadon.Timetable.watchkitapp;
				PRODUCT_NAME = "$(TARGET_NAME)";
				REGISTER_APP_GROUPS = YES;
				SDKROOT = watchos;
				SKIP_INSTALL = YES;
				STRING_CATALOG_GENERATE_SYMBOLS = YES;
				SWIFT_APPROACHABLE_CONCURRENCY = YES;
				SWIFT_DEFAULT_ACTOR_ISOLATION = MainActor;
				SWIFT_EMIT_LOC_STRINGS = YES;
				SWIFT_UPCOMING_FEATURE_MEMBER_IMPORT_VISIBILITY = YES;
				SWIFT_VERSION = 5.0;
				TARGETED_DEVICE_FAMILY = 4;
				WATCHOS_DEPLOYMENT_TARGET = 26.0;
			};
			name = Debug;
		};
		2A098C902F9DB844002065BE /* Release configuration for PBXNativeTarget "Watch" */ = {
			isa = XCBuildConfiguration;
			buildSettings = {
				ASSETCATALOG_COMPILER_APPICON_NAME = Timetable;
				ASSETCATALOG_COMPILER_GLOBAL_ACCENT_COLOR_NAME = AccentColor;
				ASSETCATALOG_COMPILER_INCLUDE_ALL_APPICON_ASSETS = YES;
				CODE_SIGN_ENTITLEMENTS = Special/Entitlements/Watch.entitlements;
				CODE_SIGN_STYLE = Automatic;
				CURRENT_PROJECT_VERSION = 1;
				DEVELOPMENT_TEAM = P6PV2R9443;
				ENABLE_PREVIEWS = YES;
				GENERATE_INFOPLIST_FILE = YES;
				INFOPLIST_KEY_CFBundleDisplayName = Timetable;
				INFOPLIST_KEY_UISupportedInterfaceOrientations = "UIInterfaceOrientationPortrait UIInterfaceOrientationPortraitUpsideDown";
				INFOPLIST_KEY_WKCompanionAppBundleIdentifier = com.omeriadon.Timetable;
				INFOPLIST_KEY_WKRunsIndependentlyOfCompanionApp = YES;
				LD_RUNPATH_SEARCH_PATHS = (
					"$(inherited)",
					"@executable_path/Frameworks",
				);
				MARKETING_VERSION = 2.0.1;
				PRODUCT_BUNDLE_IDENTIFIER = com.omeriadon.Timetable.watchkitapp;
				PRODUCT_NAME = "$(TARGET_NAME)";
				REGISTER_APP_GROUPS = YES;
				SDKROOT = watchos;
				SKIP_INSTALL = YES;
				STRING_CATALOG_GENERATE_SYMBOLS = YES;
				SWIFT_APPROACHABLE_CONCURRENCY = YES;
				SWIFT_DEFAULT_ACTOR_ISOLATION = MainActor;
				SWIFT_EMIT_LOC_STRINGS = YES;
				SWIFT_UPCOMING_FEATURE_MEMBER_IMPORT_VISIBILITY = YES;
				SWIFT_VERSION = 5.0;
				TARGETED_DEVICE_FAMILY = 4;
				WATCHOS_DEPLOYMENT_TARGET = 26.0;
			};
			name = Release;
		};
		2A2586B12FB5D64B0030C8CD /* Debug configuration for PBXNativeTarget "Watch Widget" */ = {
			isa = XCBuildConfiguration;
			buildSettings = {
				ASSETCATALOG_COMPILER_GLOBAL_ACCENT_COLOR_NAME = AccentColor;
				ASSETCATALOG_COMPILER_WIDGET_BACKGROUND_COLOR_NAME = WidgetBackground;
				AUTOMATION_APPLE_EVENTS = NO;
				CODE_SIGN_ENTITLEMENTS = Special/Entitlements/Widget.entitlements;
				CODE_SIGN_STYLE = Automatic;
				CURRENT_PROJECT_VERSION = 1;
				DEVELOPMENT_TEAM = P6PV2R9443;
				ENABLE_APP_SANDBOX = NO;
				ENABLE_HARDENED_RUNTIME = NO;
				ENABLE_RESOURCE_ACCESS_AUDIO_INPUT = NO;
				ENABLE_RESOURCE_ACCESS_CALENDARS = NO;
				ENABLE_RESOURCE_ACCESS_CAMERA = NO;
				ENABLE_RESOURCE_ACCESS_CONTACTS = NO;
				ENABLE_RESOURCE_ACCESS_LOCATION = NO;
				ENABLE_RESOURCE_ACCESS_PHOTO_LIBRARY = NO;
				INFOPLIST_FILE = "Special/Info/Watch Widget.plist";
				INFOPLIST_KEY_CFBundleDisplayName = "Timetable Widgets";
				INFOPLIST_KEY_NSHumanReadableCopyright = "";
				INFOPLIST_KEY_NSSupportsLiveActivitiesFrequentUpdates = NO;
				IPHONEOS_DEPLOYMENT_TARGET = 26.0;
				LD_RUNPATH_SEARCH_PATHS = (
					"$(inherited)",
					"@executable_path/Frameworks",
					"@executable_path/../../Frameworks",
				);
				MACOSX_DEPLOYMENT_TARGET = 26.0;
				MARKETING_VERSION = 2.0.1;
				PRODUCT_BUNDLE_IDENTIFIER = "com.omeriadon.Timetable.watchkitapp.Widget-Extension";
				PRODUCT_NAME = "$(TARGET_NAME)";
				REGISTER_APP_GROUPS = YES;
				RUNTIME_EXCEPTION_ALLOW_DYLD_ENVIRONMENT_VARIABLES = NO;
				RUNTIME_EXCEPTION_ALLOW_JIT = NO;
				RUNTIME_EXCEPTION_ALLOW_UNSIGNED_EXECUTABLE_MEMORY = NO;
				RUNTIME_EXCEPTION_DEBUGGING_TOOL = NO;
				RUNTIME_EXCEPTION_DISABLE_EXECUTABLE_PAGE_PROTECTION = NO;
				RUNTIME_EXCEPTION_DISABLE_LIBRARY_VALIDATION = NO;
				SKIP_INSTALL = YES;
				STRING_CATALOG_GENERATE_SYMBOLS = YES;
				SUPPORTED_PLATFORMS = "watchos watchsimulator";
				SUPPORTS_MACCATALYST = NO;
				SUPPORTS_MAC_DESIGNED_FOR_IPHONE_IPAD = NO;
				SUPPORTS_XR_DESIGNED_FOR_IPHONE_IPAD = NO;
				SWIFT_APPROACHABLE_CONCURRENCY = YES;
				SWIFT_EMIT_LOC_STRINGS = YES;
				SWIFT_UPCOMING_FEATURE_MEMBER_IMPORT_VISIBILITY = YES;
				SWIFT_VERSION = 5.0;
				TARGETED_DEVICE_FAMILY = "4,6";
				WATCHOS_DEPLOYMENT_TARGET = 26.0;
				XROS_DEPLOYMENT_TARGET = 26.0;
			};
			name = Debug;
		};
		2A2586B22FB5D64B0030C8CD /* Release configuration for PBXNativeTarget "Watch Widget" */ = {
			isa = XCBuildConfiguration;
			buildSettings = {
				ASSETCATALOG_COMPILER_GLOBAL_ACCENT_COLOR_NAME = AccentColor;
				ASSETCATALOG_COMPILER_WIDGET_BACKGROUND_COLOR_NAME = WidgetBackground;
				AUTOMATION_APPLE_EVENTS = NO;
				CODE_SIGN_ENTITLEMENTS = Special/Entitlements/Widget.entitlements;
				CODE_SIGN_STYLE = Automatic;
				CURRENT_PROJECT_VERSION = 1;
				DEVELOPMENT_TEAM = P6PV2R9443;
				ENABLE_APP_SANDBOX = NO;
				ENABLE_HARDENED_RUNTIME = NO;
				ENABLE_RESOURCE_ACCESS_AUDIO_INPUT = NO;
				ENABLE_RESOURCE_ACCESS_CALENDARS = NO;
				ENABLE_RESOURCE_ACCESS_CAMERA = NO;
				ENABLE_RESOURCE_ACCESS_CONTACTS = NO;
				ENABLE_RESOURCE_ACCESS_LOCATION = NO;
				ENABLE_RESOURCE_ACCESS_PHOTO_LIBRARY = NO;
				INFOPLIST_FILE = "Special/Info/Watch Widget.plist";
				INFOPLIST_KEY_CFBundleDisplayName = "Timetable Widgets";
				INFOPLIST_KEY_NSHumanReadableCopyright = "";
				INFOPLIST_KEY_NSSupportsLiveActivitiesFrequentUpdates = NO;
				IPHONEOS_DEPLOYMENT_TARGET = 26.0;
				LD_RUNPATH_SEARCH_PATHS = (
					"$(inherited)",
					"@executable_path/Frameworks",
					"@executable_path/../../Frameworks",
				);
				MACOSX_DEPLOYMENT_TARGET = 26.0;
				MARKETING_VERSION = 2.0.1;
				PRODUCT_BUNDLE_IDENTIFIER = "com.omeriadon.Timetable.watchkitapp.Widget-Extension";
				PRODUCT_NAME = "$(TARGET_NAME)";
				REGISTER_APP_GROUPS = YES;
				RUNTIME_EXCEPTION_ALLOW_DYLD_ENVIRONMENT_VARIABLES = NO;
				RUNTIME_EXCEPTION_ALLOW_JIT = NO;
				RUNTIME_EXCEPTION_ALLOW_UNSIGNED_EXECUTABLE_MEMORY = NO;
				RUNTIME_EXCEPTION_DEBUGGING_TOOL = NO;
				RUNTIME_EXCEPTION_DISABLE_EXECUTABLE_PAGE_PROTECTION = NO;
				RUNTIME_EXCEPTION_DISABLE_LIBRARY_VALIDATION = NO;
				SKIP_INSTALL = YES;
				STRING_CATALOG_GENERATE_SYMBOLS = YES;
				SUPPORTED_PLATFORMS = "watchos watchsimulator";
				SUPPORTS_MACCATALYST = NO;
				SUPPORTS_MAC_DESIGNED_FOR_IPHONE_IPAD = NO;
				SUPPORTS_XR_DESIGNED_FOR_IPHONE_IPAD = NO;
				SWIFT_APPROACHABLE_CONCURRENCY = YES;
				SWIFT_EMIT_LOC_STRINGS = YES;
				SWIFT_UPCOMING_FEATURE_MEMBER_IMPORT_VISIBILITY = YES;
				SWIFT_VERSION = 5.0;
				TARGETED_DEVICE_FAMILY = "4,6";
				WATCHOS_DEPLOYMENT_TARGET = 26.0;
				XROS_DEPLOYMENT_TARGET = 26.0;
			};
			name = Release;
		};
		2AA6DF262FDFAC9000BBC70E /* Debug configuration for PBXNativeTarget "Widget" */ = {
			isa = XCBuildConfiguration;
			buildSettings = {
				ASSETCATALOG_COMPILER_GLOBAL_ACCENT_COLOR_NAME = AccentColor;
				ASSETCATALOG_COMPILER_WIDGET_BACKGROUND_COLOR_NAME = WidgetBackground;
				AUTOMATION_APPLE_EVENTS = NO;
				CODE_SIGN_ENTITLEMENTS = Special/Entitlements/Widget.entitlements;
				CODE_SIGN_IDENTITY = "Apple Development";
				"CODE_SIGN_IDENTITY[sdk=macosx*]" = "Apple Development";
				CODE_SIGN_STYLE = Automatic;
				CURRENT_PROJECT_VERSION = 1;
				DEVELOPMENT_TEAM = P6PV2R9443;
				ENABLE_APP_SANDBOX = YES;
				ENABLE_HARDENED_RUNTIME = YES;
				ENABLE_RESOURCE_ACCESS_AUDIO_INPUT = NO;
				ENABLE_RESOURCE_ACCESS_CALENDARS = NO;
				ENABLE_RESOURCE_ACCESS_CAMERA = NO;
				ENABLE_RESOURCE_ACCESS_CONTACTS = NO;
				ENABLE_RESOURCE_ACCESS_LOCATION = NO;
				ENABLE_RESOURCE_ACCESS_PHOTO_LIBRARY = NO;
				GENERATE_INFOPLIST_FILE = YES;
				INFOPLIST_FILE = Special/Info/Widget.plist;
				INFOPLIST_KEY_CFBundleDisplayName = "Timetable Widgets";
				INFOPLIST_KEY_NSHumanReadableCopyright = "";
				IPHONEOS_DEPLOYMENT_TARGET = 26.0;
				LD_RUNPATH_SEARCH_PATHS = (
					"$(inherited)",
					"@executable_path/Frameworks",
					"@executable_path/../../Frameworks",
				);
				"LD_RUNPATH_SEARCH_PATHS[sdk=macosx*]" = (
					"$(inherited)",
					"@executable_path/../Frameworks",
					"@executable_path/../../../../Frameworks",
				);
				MACOSX_DEPLOYMENT_TARGET = 26.0;
				MARKETING_VERSION = 2.0.1;
				PRODUCT_BUNDLE_IDENTIFIER = com.omeriadon.Timetable.Widget;
				PRODUCT_NAME = "$(TARGET_NAME)";
				RUNTIME_EXCEPTION_ALLOW_DYLD_ENVIRONMENT_VARIABLES = NO;
				RUNTIME_EXCEPTION_ALLOW_JIT = NO;
				RUNTIME_EXCEPTION_ALLOW_UNSIGNED_EXECUTABLE_MEMORY = NO;
				RUNTIME_EXCEPTION_DEBUGGING_TOOL = NO;
				RUNTIME_EXCEPTION_DISABLE_EXECUTABLE_PAGE_PROTECTION = NO;
				RUNTIME_EXCEPTION_DISABLE_LIBRARY_VALIDATION = NO;
				SDKROOT = auto;
				SKIP_INSTALL = YES;
				STRING_CATALOG_GENERATE_SYMBOLS = YES;
				SUPPORTED_PLATFORMS = "iphoneos iphonesimulator macosx";
				SUPPORTS_MACCATALYST = NO;
				SWIFT_APPROACHABLE_CONCURRENCY = YES;
				SWIFT_EMIT_LOC_STRINGS = YES;
				SWIFT_UPCOMING_FEATURE_MEMBER_IMPORT_VISIBILITY = YES;
				SWIFT_VERSION = 5.0;
				TARGETED_DEVICE_FAMILY = "1,2";
				XROS_DEPLOYMENT_TARGET = 26.0;
			};
			name = Debug;
		};
		2AA6DF272FDFAC9000BBC70E /* Release configuration for PBXNativeTarget "Widget" */ = {
			isa = XCBuildConfiguration;
			buildSettings = {
				ASSETCATALOG_COMPILER_GLOBAL_ACCENT_COLOR_NAME = AccentColor;
				ASSETCATALOG_COMPILER_WIDGET_BACKGROUND_COLOR_NAME = WidgetBackground;
				AUTOMATION_APPLE_EVENTS = NO;
				CODE_SIGN_ENTITLEMENTS = Special/Entitlements/Widget.entitlements;
				CODE_SIGN_IDENTITY = "Apple Development";
				"CODE_SIGN_IDENTITY[sdk=macosx*]" = "Apple Development";
				CODE_SIGN_STYLE = Automatic;
				CURRENT_PROJECT_VERSION = 1;
				DEVELOPMENT_TEAM = P6PV2R9443;
				ENABLE_APP_SANDBOX = YES;
				ENABLE_HARDENED_RUNTIME = YES;
				ENABLE_RESOURCE_ACCESS_AUDIO_INPUT = NO;
				ENABLE_RESOURCE_ACCESS_CALENDARS = NO;
				ENABLE_RESOURCE_ACCESS_CAMERA = NO;
				ENABLE_RESOURCE_ACCESS_CONTACTS = NO;
				ENABLE_RESOURCE_ACCESS_LOCATION = NO;
				ENABLE_RESOURCE_ACCESS_PHOTO_LIBRARY = NO;
				GENERATE_INFOPLIST_FILE = YES;
				INFOPLIST_FILE = Special/Info/Widget.plist;
				INFOPLIST_KEY_CFBundleDisplayName = "Timetable Widgets";
				INFOPLIST_KEY_NSHumanReadableCopyright = "";
				IPHONEOS_DEPLOYMENT_TARGET = 26.0;
				LD_RUNPATH_SEARCH_PATHS = (
					"$(inherited)",
					"@executable_path/Frameworks",
					"@executable_path/../../Frameworks",
				);
				"LD_RUNPATH_SEARCH_PATHS[sdk=macosx*]" = (
					"$(inherited)",
					"@executable_path/../Frameworks",
					"@executable_path/../../../../Frameworks",
				);
				MACOSX_DEPLOYMENT_TARGET = 26.0;
				MARKETING_VERSION = 2.0.1;
				PRODUCT_BUNDLE_IDENTIFIER = com.omeriadon.Timetable.Widget;
				PRODUCT_NAME = "$(TARGET_NAME)";
				RUNTIME_EXCEPTION_ALLOW_DYLD_ENVIRONMENT_VARIABLES = NO;
				RUNTIME_EXCEPTION_ALLOW_JIT = NO;
				RUNTIME_EXCEPTION_ALLOW_UNSIGNED_EXECUTABLE_MEMORY = NO;
				RUNTIME_EXCEPTION_DEBUGGING_TOOL = NO;
				RUNTIME_EXCEPTION_DISABLE_EXECUTABLE_PAGE_PROTECTION = NO;
				RUNTIME_EXCEPTION_DISABLE_LIBRARY_VALIDATION = NO;
				SDKROOT = auto;
				SKIP_INSTALL = YES;
				STRING_CATALOG_GENERATE_SYMBOLS = YES;
				SUPPORTED_PLATFORMS = "iphoneos iphonesimulator macosx";
				SUPPORTS_MACCATALYST = NO;
				SWIFT_APPROACHABLE_CONCURRENCY = YES;
				SWIFT_EMIT_LOC_STRINGS = YES;
				SWIFT_UPCOMING_FEATURE_MEMBER_IMPORT_VISIBILITY = YES;
				SWIFT_VERSION = 5.0;
				TARGETED_DEVICE_FAMILY = "1,2";
				XROS_DEPLOYMENT_TARGET = 26.0;
			};
			name = Release;
		};
		2AF3B0093000000000000009 /* Debug configuration for PBXNativeTarget "TimetableTests" */ = {
			isa = XCBuildConfiguration;
			buildSettings = {
				GENERATE_INFOPLIST_FILE = YES;
				IPHONEOS_DEPLOYMENT_TARGET = 26.0;
				PRODUCT_BUNDLE_IDENTIFIER = com.omeriadon.TimetableTests;
				PRODUCT_NAME = "$(TARGET_NAME)";
				SDKROOT = iphoneos;
				SWIFT_VERSION = 5.0;
				TARGETED_DEVICE_FAMILY = "1,2";
			};
			name = Debug;
		};
		2AF3B00B300000000000000B /* Release configuration for PBXNativeTarget "TimetableTests" */ = {
			isa = XCBuildConfiguration;
			buildSettings = {
				GENERATE_INFOPLIST_FILE = YES;
				IPHONEOS_DEPLOYMENT_TARGET = 26.0;
				PRODUCT_BUNDLE_IDENTIFIER = com.omeriadon.TimetableTests;
				PRODUCT_NAME = "$(TARGET_NAME)";
				SDKROOT = iphoneos;
				SWIFT_VERSION = 5.0;
				TARGETED_DEVICE_FAMILY = "1,2";
			};
			name = Release;
		};
		2B00000B300000000000000B /* Debug configuration for PBXNativeTarget "Messages" */ = {
			isa = XCBuildConfiguration;
			buildSettings = {
				APPLICATION_EXTENSION_API_ONLY = YES;
				CODE_SIGN_ENTITLEMENTS = Messages/Messages.entitlements;
				CODE_SIGN_STYLE = Automatic;
				CURRENT_PROJECT_VERSION = 1;
				DEVELOPMENT_TEAM = P6PV2R9443;
				GENERATE_INFOPLIST_FILE = NO;
				INFOPLIST_FILE = Messages/Info.plist;
				IPHONEOS_DEPLOYMENT_TARGET = 26.0;
				LD_RUNPATH_SEARCH_PATHS = (
					"$(inherited)",
					"@executable_path/Frameworks",
					"@executable_path/../../Frameworks",
				);
				MARKETING_VERSION = 2.0.1;
				PRODUCT_BUNDLE_IDENTIFIER = com.omeriadon.Timetable.Messages;
				PRODUCT_MODULE_NAME = TimetableMessages;
				PRODUCT_NAME = "Timetable Messages";
				SDKROOT = iphoneos;
				SKIP_INSTALL = YES;
				SWIFT_APPROACHABLE_CONCURRENCY = YES;
				SWIFT_DEFAULT_ACTOR_ISOLATION = MainActor;
				SWIFT_VERSION = 5.0;
				TARGETED_DEVICE_FAMILY = "1,2";
			};
			name = Debug;
		};
		2B00000C300000000000000C /* Release configuration for PBXNativeTarget "Messages" */ = {
			isa = XCBuildConfiguration;
			buildSettings = {
				APPLICATION_EXTENSION_API_ONLY = YES;
				CODE_SIGN_ENTITLEMENTS = Messages/Messages.entitlements;
				CODE_SIGN_STYLE = Automatic;
				CURRENT_PROJECT_VERSION = 1;
				DEVELOPMENT_TEAM = P6PV2R9443;
				GENERATE_INFOPLIST_FILE = NO;
				INFOPLIST_FILE = Messages/Info.plist;
				IPHONEOS_DEPLOYMENT_TARGET = 26.0;
				LD_RUNPATH_SEARCH_PATHS = (
					"$(inherited)",
					"@executable_path/Frameworks",
					"@executable_path/../../Frameworks",
				);
				MARKETING_VERSION = 2.0.1;
				PRODUCT_BUNDLE_IDENTIFIER = com.omeriadon.Timetable.Messages;
				PRODUCT_MODULE_NAME = TimetableMessages;
				PRODUCT_NAME = "Timetable Messages";
				SDKROOT = iphoneos;
				SKIP_INSTALL = YES;
				SWIFT_APPROACHABLE_CONCURRENCY = YES;
				SWIFT_DEFAULT_ACTOR_ISOLATION = MainActor;
				SWIFT_VERSION = 5.0;
				TARGETED_DEVICE_FAMILY = "1,2";
			};
			name = Release;
		};
/* End XCBuildConfiguration section */

/* Begin XCConfigurationList section */
		2A0237862F9C8EA000AB1E1F /* Build configuration list for PBXProject "Timetable" */ = {
			isa = XCConfigurationList;
			buildConfigurations = (
				2A0237942F9C8EA100AB1E1F /* Debug configuration for PBXProject "Timetable" */,
				2A0237952F9C8EA100AB1E1F /* Release configuration for PBXProject "Timetable" */,
			);
			defaultConfigurationName = Release;
		};
		2A0237962F9C8EA100AB1E1F /* Build configuration list for PBXNativeTarget "Timetable" */ = {
			isa = XCConfigurationList;
			buildConfigurations = (
				2A0237972F9C8EA100AB1E1F /* Debug configuration for PBXNativeTarget "Timetable" */,
				2A0237982F9C8EA100AB1E1F /* Release configuration for PBXNativeTarget "Timetable" */,
			);
			defaultConfigurationName = Release;
		};
		2A098C912F9DB844002065BE /* Build configuration list for PBXNativeTarget "Watch" */ = {
			isa = XCConfigurationList;
			buildConfigurations = (
				2A098C8F2F9DB844002065BE /* Debug configuration for PBXNativeTarget "Watch" */,
				2A098C902F9DB844002065BE /* Release configuration for PBXNativeTarget "Watch" */,
			);
			defaultConfigurationName = Release;
		};
		2A2586B02FB5D64B0030C8CD /* Build configuration list for PBXNativeTarget "Watch Widget" */ = {
			isa = XCConfigurationList;
			buildConfigurations = (
				2A2586B12FB5D64B0030C8CD /* Debug configuration for PBXNativeTarget "Watch Widget" */,
				2A2586B22FB5D64B0030C8CD /* Release configuration for PBXNativeTarget "Watch Widget" */,
			);
			defaultConfigurationName = Release;
		};
		2AA6DF252FDFAC9000BBC70E /* Build configuration list for PBXNativeTarget "Widget" */ = {
			isa = XCConfigurationList;
			buildConfigurations = (
				2AA6DF262FDFAC9000BBC70E /* Debug configuration for PBXNativeTarget "Widget" */,
				2AA6DF272FDFAC9000BBC70E /* Release configuration for PBXNativeTarget "Widget" */,
			);
			defaultConfigurationName = Release;
		};
		2AF3B00A300000000000000A /* Build configuration list for PBXNativeTarget "TimetableTests" */ = {
			isa = XCConfigurationList;
			buildConfigurations = (
				2AF3B0093000000000000009 /* Debug configuration for PBXNativeTarget "TimetableTests" */,
				2AF3B00B300000000000000B /* Release configuration for PBXNativeTarget "TimetableTests" */,
			);
			defaultConfigurationName = Release;
		};
		2B0000073000000000000007 /* Build configuration list for PBXNativeTarget "Messages" */ = {
			isa = XCConfigurationList;
			buildConfigurations = (
				2B00000B300000000000000B /* Debug configuration for PBXNativeTarget "Messages" */,
				2B00000C300000000000000C /* Release configuration for PBXNativeTarget "Messages" */,
			);
			defaultConfigurationName = Release;
		};
/* End XCConfigurationList section */

/* Begin XCLocalSwiftPackageReference section */
		2A0237AA2F9D9DE800AB1E1F /* XCLocalSwiftPackageReference "../../../Downloads/SFSymbolsPickerForSwiftUI-main" */ = {
			isa = XCLocalSwiftPackageReference;
			relativePath = "../../../Downloads/SFSymbolsPickerForSwiftUI-main";
		};
		2ADFCA8D2FF66F1A00B4301E /* XCLocalSwiftPackageReference "../../../Downloads/swiftui-window-overlay-main" */ = {
			isa = XCLocalSwiftPackageReference;
			relativePath = "../../../Downloads/swiftui-window-overlay-main";
		};
/* End XCLocalSwiftPackageReference section */

/* Begin XCRemoteSwiftPackageReference section */
		2A0237992F9C907000AB1E1F /* XCRemoteSwiftPackageReference "Defaults" */ = {
			isa = XCRemoteSwiftPackageReference;
			repositoryURL = "https://github.com/sindresorhus/Defaults";
			requirement = {
				kind = upToNextMajorVersion;
				minimumVersion = 9.0.8;
			};
		};
		2A324C052FF2980C00E6A3D5 /* XCRemoteSwiftPackageReference "ColorfulX" */ = {
			isa = XCRemoteSwiftPackageReference;
			repositoryURL = "https://github.com/Lakr233/ColorfulX";
			requirement = {
				kind = upToNextMajorVersion;
				minimumVersion = 6.1.0;
			};
		};
		2A324C0A2FF2980C00E6A3D5 /* XCRemoteSwiftPackageReference "FocusOnAppear" */ = {
			isa = XCRemoteSwiftPackageReference;
			repositoryURL = "https://github.com/naan/FocusOnAppear";
			requirement = {
				kind = upToNextMajorVersion;
				minimumVersion = 1.2.0;
			};
		};
		2A3EEF022FF39837005E0D87 /* XCRemoteSwiftPackageReference "sticker" */ = {
			isa = XCRemoteSwiftPackageReference;
			repositoryURL = "https://github.com/bpisano/sticker";
			requirement = {
				kind = upToNextMajorVersion;
				minimumVersion = 1.4.0;
			};
		};
		2A5F91EF2FE650FE007302CF /* XCRemoteSwiftPackageReference "IrregularGradient" */ = {
			isa = XCRemoteSwiftPackageReference;
			repositoryURL = "https://github.com/joogps/IrregularGradient";
			requirement = {
				kind = upToNextMajorVersion;
				minimumVersion = 2.1.0;
			};
		};
		2ABBBA022FF4AD3A00878A9D /* XCRemoteSwiftPackageReference "Portal" */ = {
			isa = XCRemoteSwiftPackageReference;
			repositoryURL = "https://github.com/Aeastr/Portal";
			requirement = {
				kind = upToNextMajorVersion;
				minimumVersion = 6.0.0;
			};
		};
		2AE0F1392FE03989002B5D9D /* XCRemoteSwiftPackageReference "MaterialView" */ = {
			isa = XCRemoteSwiftPackageReference;
			repositoryURL = "https://github.com/OskarGroth/MaterialView";
			requirement = {
				kind = upToNextMajorVersion;
				minimumVersion = 1.0.0;
			};
		};
/* End XCRemoteSwiftPackageReference section */

/* Begin XCSwiftPackageProductDependency section */
		2A02379A2F9C907000AB1E1F /* Defaults */ = {
			isa = XCSwiftPackageProductDependency;
			package = 2A0237992F9C907000AB1E1F /* XCRemoteSwiftPackageReference "Defaults" */;
			productName = Defaults;
		};
		2A0237AB2F9D9DE800AB1E1F /* SFSymbolsPicker */ = {
			isa = XCSwiftPackageProductDependency;
			package = 2A0237AA2F9D9DE800AB1E1F /* XCLocalSwiftPackageReference "../../../Downloads/SFSymbolsPickerForSwiftUI-main" */;
			productName = SFSymbolsPicker;
		};
		2A1DB40D2F9DE9A300E5AE7C /* Defaults */ = {
			isa = XCSwiftPackageProductDependency;
			package = 2A0237992F9C907000AB1E1F /* XCRemoteSwiftPackageReference "Defaults" */;
			productName = Defaults;
		};
		2A324C062FF2980C00E6A3D5 /* ColorfulX */ = {
			isa = XCSwiftPackageProductDependency;
			package = 2A324C052FF2980C00E6A3D5 /* XCRemoteSwiftPackageReference "ColorfulX" */;
			productName = ColorfulX;
		};
		2A324C092FF2980C00E6A3D5 /* FocusOnAppear */ = {
			isa = XCSwiftPackageProductDependency;
			package = 2A324C0A2FF2980C00E6A3D5 /* XCRemoteSwiftPackageReference "FocusOnAppear" */;
			productName = FocusOnAppear;
		};
		2A3EEF032FF39837005E0D87 /* Sticker */ = {
			isa = XCSwiftPackageProductDependency;
			package = 2A3EEF022FF39837005E0D87 /* XCRemoteSwiftPackageReference "sticker" */;
			productName = Sticker;
		};
		2A43AFA02FE7849E00BBC8BD /* IrregularGradient */ = {
			isa = XCSwiftPackageProductDependency;
			package = 2A5F91EF2FE650FE007302CF /* XCRemoteSwiftPackageReference "IrregularGradient" */;
			productName = IrregularGradient;
		};
		2A43AFB02FE785E300BBC8BD /* IrregularGradient */ = {
			isa = XCSwiftPackageProductDependency;
			package = 2A5F91EF2FE650FE007302CF /* XCRemoteSwiftPackageReference "IrregularGradient" */;
			productName = IrregularGradient;
		};
		2A43AFB22FE785E700BBC8BD /* IrregularGradient */ = {
			isa = XCSwiftPackageProductDependency;
			package = 2A5F91EF2FE650FE007302CF /* XCRemoteSwiftPackageReference "IrregularGradient" */;
			productName = IrregularGradient;
		};
		2A5F91F02FE650FE007302CF /* IrregularGradient */ = {
			isa = XCSwiftPackageProductDependency;
			package = 2A5F91EF2FE650FE007302CF /* XCRemoteSwiftPackageReference "IrregularGradient" */;
			productName = IrregularGradient;
		};
		2AA6DF2B2FDFADAE00BBC70E /* Defaults */ = {
			isa = XCSwiftPackageProductDependency;
			package = 2A0237992F9C907000AB1E1F /* XCRemoteSwiftPackageReference "Defaults" */;
			productName = Defaults;
		};
		2ABBBA032FF4AD3A00878A9D /* PortalHeaders */ = {
			isa = XCSwiftPackageProductDependency;
			package = 2ABBBA022FF4AD3A00878A9D /* XCRemoteSwiftPackageReference "Portal" */;
			productName = PortalHeaders;
		};
		2ABBBA052FF4AD3A00878A9D /* PortalTransitions */ = {
			isa = XCSwiftPackageProductDependency;
			package = 2ABBBA022FF4AD3A00878A9D /* XCRemoteSwiftPackageReference "Portal" */;
			productName = PortalTransitions;
		};
		2AC5F7EC2FD8435700B813EA /* Defaults */ = {
			isa = XCSwiftPackageProductDependency;
			package = 2A0237992F9C907000AB1E1F /* XCRemoteSwiftPackageReference "Defaults" */;
			productName = Defaults;
		};
		2ADFCA8E2FF66F1A00B4301E /* WindowOverlay */ = {
			isa = XCSwiftPackageProductDependency;
			productName = WindowOverlay;
		};
		2AE0F13A2FE03989002B5D9D /* MaterialView */ = {
			isa = XCSwiftPackageProductDependency;
			package = 2AE0F1392FE03989002B5D9D /* XCRemoteSwiftPackageReference "MaterialView" */;
			productName = MaterialView;
		};
/* End XCSwiftPackageProductDependency section */
	};
	rootObject = 2A0237832F9C8EA000AB1E1F /* Project object */;
}
