{
  "originHash" : "d9f41c4ab9f27ecfabac5858694eda283e2136e7fcc6065f14d47ba4d66a014f",
  "pins" : [
    {
      "identity" : "defaults",
      "kind" : "remoteSourceControl",
      "location" : "https://github.com/sindresorhus/Defaults",
      "state" : {
        "revision" : "00a7465a0668a87fa159e779b9d80f1f9652357e",
        "version" : "9.0.9"
      }
    },
    {
      "identity" : "irregulargradient",
      "kind" : "remoteSourceControl",
      "location" : "https://github.com/joogps/IrregularGradient",
      "state" : {
        "revision" : "84cbf2dd9ecf1e98e592e0718310f90fef52d6be",
        "version" : "2.1.0"
      }
    },
    {
      "identity" : "materialview",
      "kind" : "remoteSourceControl",
      "location" : "https://github.com/OskarGroth/MaterialView",
      "state" : {
        "revision" : "b3a04ce56eca69d388c48e9621ce61778fe976c7",
        "version" : "1.0.0"
      }
    },
    {
      "identity" : "openssl-package",
      "kind" : "remoteSourceControl",
      "location" : "https://github.com/krzyzanowskim/OpenSSL-Package.git",
      "state" : {
        "revision" : "2d180b33702e0e67fd58607d1f96d5fad0816d10",
        "version" : "3.6.2000"
      }
    },
    {
      "identity" : "sfsafesymbols",
      "kind" : "remoteSourceControl",
      "location" : "https://github.com/SFSafeSymbols/SFSafeSymbols.git",
      "state" : {
        "revision" : "e01b3d4f861412f8dcee8d93c417d2c2b0cdfd77",
        "version" : "7.0.0"
      }
    },
    {
      "identity" : "swift-syntax",
      "kind" : "remoteSourceControl",
      "location" : "https://github.com/swiftlang/swift-syntax",
      "state" : {
        "revision" : "79e4b74a295b6eb74a8b585e3a39d29e70c1dbd1",
        "version" : "603.0.2"
      }
    },
    {
      "identity" : "zipfoundation",
      "kind" : "remoteSourceControl",
      "location" : "https://github.com/omeriadon/ZIPFoundation",
      "state" : {
        "branch" : "development",
        "revision" : "2eaef551ae0385b1a06ae58320185255589001f4"
      }
    }
  ],
  "version" : 3
}
