{
  "originHash" : "72473b92704535aa06d83ec03538baf7c20a87963838b27e2e5ee91520a596fc",
  "pins" : [
    {
      "identity" : "chronicle",
      "kind" : "remoteSourceControl",
      "location" : "https://github.com/Aeastr/Chronicle.git",
      "state" : {
        "revision" : "78f4d0d634c4834f13f7ab1bcca79c150c4c172a",
        "version" : "3.0.2"
      }
    },
    {
      "identity" : "colorfulx",
      "kind" : "remoteSourceControl",
      "location" : "https://github.com/Lakr233/ColorfulX",
      "state" : {
        "revision" : "bdf19698a9fdd3d2cd3ade4a9434d443b4313b36",
        "version" : "6.1.0"
      }
    },
    {
      "identity" : "colorvector",
      "kind" : "remoteSourceControl",
      "location" : "https://github.com/Lakr233/ColorVector.git",
      "state" : {
        "revision" : "0cd0169f1487d7371ee3fd7fe93f1e918fd93d00",
        "version" : "1.0.5"
      }
    },
    {
      "identity" : "defaults",
      "kind" : "remoteSourceControl",
      "location" : "https://github.com/sindresorhus/Defaults",
      "state" : {
        "revision" : "00a7465a0668a87fa159e779b9d80f1f9652357e",
        "version" : "9.0.9"
      }
    },
    {
      "identity" : "irregulargradient",
      "kind" : "remoteSourceControl",
      "location" : "https://github.com/joogps/IrregularGradient",
      "state" : {
        "revision" : "84cbf2dd9ecf1e98e592e0718310f90fef52d6be",
        "version" : "2.1.0"
      }
    },
    {
      "identity" : "materialview",
      "kind" : "remoteSourceControl",
      "location" : "https://github.com/OskarGroth/MaterialView",
      "state" : {
        "revision" : "b3a04ce56eca69d388c48e9621ce61778fe976c7",
        "version" : "1.0.0"
      }
    },
    {
      "identity" : "msdisplaylink",
      "kind" : "remoteSourceControl",
      "location" : "https://github.com/Lakr233/MSDisplayLink.git",
      "state" : {
        "revision" : "1ba3e769b734e456317fa7e45321fa7f53eefb67",
        "version" : "2.1.0"
      }
    },
    {
      "identity" : "obfuscate",
      "kind" : "remoteSourceControl",
      "location" : "https://github.com/Aeastr/Obfuscate.git",
      "state" : {
        "revision" : "92971eac97d930bcbbac824333572fba22a31cae",
        "version" : "1.0.1"
      }
    },
    {
      "identity" : "openssl-package",
      "kind" : "remoteSourceControl",
      "location" : "https://github.com/krzyzanowskim/OpenSSL-Package.git",
      "state" : {
        "revision" : "2d180b33702e0e67fd58607d1f96d5fad0816d10",
        "version" : "3.6.2000"
      }
    },
    {
      "identity" : "portal",
      "kind" : "remoteSourceControl",
      "location" : "https://github.com/Aeastr/Portal",
      "state" : {
        "revision" : "307b08952f63b49f107ca773219f53e13e288bf3",
        "version" : "6.0.0"
      }
    },
    {
      "identity" : "sfsafesymbols",
      "kind" : "remoteSourceControl",
      "location" : "https://github.com/SFSafeSymbols/SFSafeSymbols.git",
      "state" : {
        "revision" : "e01b3d4f861412f8dcee8d93c417d2c2b0cdfd77",
        "version" : "7.0.0"
      }
    },
    {
      "identity" : "springinterpolation",
      "kind" : "remoteSourceControl",
      "location" : "https://github.com/Lakr233/SpringInterpolation.git",
      "state" : {
        "revision" : "cdb556516daa9b43c16aae9436dd39e19ff930fd",
        "version" : "1.4.0"
      }
    },
    {
      "identity" : "sticker",
      "kind" : "remoteSourceControl",
      "location" : "https://github.com/bpisano/sticker",
      "state" : {
        "revision" : "301b9e0fb802c01edb2ed25695b3ba62e9c61da3",
        "version" : "1.4.0"
      }
    },
    {
      "identity" : "swift-log",
      "kind" : "remoteSourceControl",
      "location" : "https://github.com/apple/swift-log.git",
      "state" : {
        "revision" : "a878e7f8f46cfc0e1125e565b5c08e7d5272dc9a",
        "version" : "1.14.0"
      }
    },
    {
      "identity" : "swift-syntax",
      "kind" : "remoteSourceControl",
      "location" : "https://github.com/swiftlang/swift-syntax",
      "state" : {
        "revision" : "4799286537280063c85a32f09884cfbca301b1a1",
        "version" : "602.0.0"
      }
    },
    {
      "identity" : "uiportalbridge",
      "kind" : "remoteSourceControl",
      "location" : "https://github.com/Aeastr/UIPortalBridge.git",
      "state" : {
        "revision" : "fd542e0d66b305cd802fdbacd7f1a153c210c50a",
        "version" : "1.0.0"
      }
    },
    {
      "identity" : "zipfoundation",
      "kind" : "remoteSourceControl",
      "location" : "https://github.com/omeriadon/ZIPFoundation",
      "state" : {
        "branch" : "development",
        "revision" : "2eaef551ae0385b1a06ae58320185255589001f4"
      }
    }
  ],
  "version" : 3
}
